{
  "version": 4,
  "terraform_version": "1.11.4",
  "serial": 71,
  "lineage": "c7b55d90-70fb-b972-6505-f3dd2649dd10",
  "outputs": {
    "cluster_name": {
      "value": "ex-github-cd",
      "type": "string"
    }
  },
  "resources": [
    {
      "module": "module.eks_example_eks-auto-mode",
      "mode": "data",
      "type": "aws_availability_zones",
      "name": "available",
      "provider": "module.eks_example_eks-auto-mode.provider[\"registry.terraform.io/hashicorp/aws\"]",
      "instances": [
        {
          "schema_version": 0,
          "attributes": {
            "all_availability_zones": null,
            "exclude_names": null,
            "exclude_zone_ids": null,
            "filter": [
              {
                "name": "opt-in-status",
                "values": [
                  "opt-in-not-required"
                ]
              }
            ],
            "group_names": [
              "us-west-2-zg-1"
            ],
            "id": "us-west-2",
            "names": [
              "us-west-2a",
              "us-west-2b",
              "us-west-2c",
              "us-west-2d"
            ],
            "state": null,
            "timeouts": null,
            "zone_ids": [
              "usw2-az1",
              "usw2-az2",
              "usw2-az3",
              "usw2-az4"
            ]
          },
          "sensitive_attributes": []
        }
      ]
    },
    {
      "module": "module.eks_example_eks-auto-mode.module.eks",
      "mode": "data",
      "type": "aws_caller_identity",
      "name": "current",
      "provider": "module.eks_example_eks-auto-mode.provider[\"registry.terraform.io/hashicorp/aws\"]",
      "instances": [
        {
          "index_key": 0,
          "schema_version": 0,
          "attributes": {
            "account_id": "805395122898",
            "arn": "arn:aws:iam::805395122898:user/daniel",
            "id": "805395122898",
            "user_id": "AIDA3XBKKJLJO2VJAKF5L"
          },
          "sensitive_attributes": []
        }
      ]
    },
    {
      "module": "module.eks_example_eks-auto-mode.module.eks",
      "mode": "data",
      "type": "aws_iam_policy_document",
      "name": "assume_role_policy",
      "provider": "module.eks_example_eks-auto-mode.provider[\"registry.terraform.io/hashicorp/aws\"]",
      "instances": [
        {
          "index_key": 0,
          "schema_version": 0,
          "attributes": {
            "id": "2830595799",
            "json": "{\n  \"Version\": \"2012-10-17\",\n  \"Statement\": [\n    {\n      \"Sid\": \"EKSClusterAssumeRole\",\n      \"Effect\": \"Allow\",\n      \"Action\": [\n        \"sts:TagSession\",\n        \"sts:AssumeRole\"\n      ],\n      \"Principal\": {\n        \"Service\": \"eks.amazonaws.com\"\n      }\n    }\n  ]\n}",
            "minified_json": "{\"Version\":\"2012-10-17\",\"Statement\":[{\"Sid\":\"EKSClusterAssumeRole\",\"Effect\":\"Allow\",\"Action\":[\"sts:TagSession\",\"sts:AssumeRole\"],\"Principal\":{\"Service\":\"eks.amazonaws.com\"}}]}",
            "override_json": null,
            "override_policy_documents": null,
            "policy_id": null,
            "source_json": null,
            "source_policy_documents": null,
            "statement": [
              {
                "actions": [
                  "sts:AssumeRole",
                  "sts:TagSession"
                ],
                "condition": [],
                "effect": "Allow",
                "not_actions": [],
                "not_principals": [],
                "not_resources": [],
                "principals": [
                  {
                    "identifiers": [
                      "eks.amazonaws.com"
                    ],
                    "type": "Service"
                  }
                ],
                "resources": [],
                "sid": "EKSClusterAssumeRole"
              }
            ],
            "version": "2012-10-17"
          },
          "sensitive_attributes": []
        }
      ]
    },
    {
      "module": "module.eks_example_eks-auto-mode.module.eks",
      "mode": "data",
      "type": "aws_iam_policy_document",
      "name": "custom",
      "provider": "module.eks_example_eks-auto-mode.provider[\"registry.terraform.io/hashicorp/aws\"]",
      "instances": [
        {
          "index_key": 0,
          "schema_version": 0,
          "attributes": {
            "id": "513122117",
            "json": "{\n  \"Version\": \"2012-10-17\",\n  \"Statement\": [\n    {\n      \"Sid\": \"Compute\",\n      \"Effect\": \"Allow\",\n      \"Action\": [\n        \"ec2:RunInstances\",\n        \"ec2:CreateLaunchTemplate\",\n        \"ec2:CreateFleet\"\n      ],\n      \"Resource\": \"*\",\n      \"Condition\": {\n        \"StringEquals\": {\n          \"aws:RequestTag/eks:eks-cluster-name\": \"${aws:PrincipalTag/eks:eks-cluster-name}\"\n        },\n        \"StringLike\": {\n          \"aws:RequestTag/eks:kubernetes-node-class-name\": \"*\",\n          \"aws:RequestTag/eks:kubernetes-node-pool-name\": \"*\"\n        }\n      }\n    },\n    {\n      \"Sid\": \"Storage\",\n      \"Effect\": \"Allow\",\n      \"Action\": [\n        \"ec2:CreateVolume\",\n        \"ec2:CreateSnapshot\"\n      ],\n      \"Resource\": [\n        \"arn:aws:ec2:*:*:volume/*\",\n        \"arn:aws:ec2:*:*:snapshot/*\"\n      ],\n      \"Condition\": {\n        \"StringEquals\": {\n          \"aws:RequestTag/eks:eks-cluster-name\": \"${aws:PrincipalTag/eks:eks-cluster-name}\"\n        }\n      }\n    },\n    {\n      \"Sid\": \"Networking\",\n      \"Effect\": \"Allow\",\n      \"Action\": \"ec2:CreateNetworkInterface\",\n      \"Resource\": \"*\",\n      \"Condition\": {\n        \"StringEquals\": {\n          \"aws:RequestTag/eks:eks-cluster-name\": \"${aws:PrincipalTag/eks:eks-cluster-name}\",\n          \"aws:RequestTag/eks:kubernetes-cni-node-name\": \"*\"\n        }\n      }\n    },\n    {\n      \"Sid\": \"LoadBalancer\",\n      \"Effect\": \"Allow\",\n      \"Action\": [\n        \"elasticloadbalancing:CreateTargetGroup\",\n        \"elasticloadbalancing:CreateRule\",\n        \"elasticloadbalancing:CreateLoadBalancer\",\n        \"elasticloadbalancing:CreateListener\",\n        \"ec2:CreateSecurityGroup\"\n      ],\n      \"Resource\": \"*\",\n      \"Condition\": {\n        \"StringEquals\": {\n          \"aws:RequestTag/eks:eks-cluster-name\": \"${aws:PrincipalTag/eks:eks-cluster-name}\"\n        }\n      }\n    },\n    {\n      \"Sid\": \"ShieldProtection\",\n      \"Effect\": \"Allow\",\n      \"Action\": \"shield:CreateProtection\",\n      \"Resource\": \"*\",\n      \"Condition\": {\n        \"StringEquals\": {\n          \"aws:RequestTag/eks:eks-cluster-name\": \"${aws:PrincipalTag/eks:eks-cluster-name}\"\n        }\n      }\n    },\n    {\n      \"Sid\": \"ShieldTagResource\",\n      \"Effect\": \"Allow\",\n      \"Action\": \"shield:TagResource\",\n      \"Resource\": \"arn:aws:shield::*:protection/*\",\n      \"Condition\": {\n        \"StringEquals\": {\n          \"aws:RequestTag/eks:eks-cluster-name\": \"${aws:PrincipalTag/eks:eks-cluster-name}\"\n        }\n      }\n    }\n  ]\n}",
            "minified_json": "{\"Version\":\"2012-10-17\",\"Statement\":[{\"Sid\":\"Compute\",\"Effect\":\"Allow\",\"Action\":[\"ec2:RunInstances\",\"ec2:CreateLaunchTemplate\",\"ec2:CreateFleet\"],\"Resource\":\"*\",\"Condition\":{\"StringEquals\":{\"aws:RequestTag/eks:eks-cluster-name\":\"${aws:PrincipalTag/eks:eks-cluster-name}\"},\"StringLike\":{\"aws:RequestTag/eks:kubernetes-node-class-name\":\"*\",\"aws:RequestTag/eks:kubernetes-node-pool-name\":\"*\"}}},{\"Sid\":\"Storage\",\"Effect\":\"Allow\",\"Action\":[\"ec2:CreateVolume\",\"ec2:CreateSnapshot\"],\"Resource\":[\"arn:aws:ec2:*:*:volume/*\",\"arn:aws:ec2:*:*:snapshot/*\"],\"Condition\":{\"StringEquals\":{\"aws:RequestTag/eks:eks-cluster-name\":\"${aws:PrincipalTag/eks:eks-cluster-name}\"}}},{\"Sid\":\"Networking\",\"Effect\":\"Allow\",\"Action\":\"ec2:CreateNetworkInterface\",\"Resource\":\"*\",\"Condition\":{\"StringEquals\":{\"aws:RequestTag/eks:eks-cluster-name\":\"${aws:PrincipalTag/eks:eks-cluster-name}\",\"aws:RequestTag/eks:kubernetes-cni-node-name\":\"*\"}}},{\"Sid\":\"LoadBalancer\",\"Effect\":\"Allow\",\"Action\":[\"elasticloadbalancing:CreateTargetGroup\",\"elasticloadbalancing:CreateRule\",\"elasticloadbalancing:CreateLoadBalancer\",\"elasticloadbalancing:CreateListener\",\"ec2:CreateSecurityGroup\"],\"Resource\":\"*\",\"Condition\":{\"StringEquals\":{\"aws:RequestTag/eks:eks-cluster-name\":\"${aws:PrincipalTag/eks:eks-cluster-name}\"}}},{\"Sid\":\"ShieldProtection\",\"Effect\":\"Allow\",\"Action\":\"shield:CreateProtection\",\"Resource\":\"*\",\"Condition\":{\"StringEquals\":{\"aws:RequestTag/eks:eks-cluster-name\":\"${aws:PrincipalTag/eks:eks-cluster-name}\"}}},{\"Sid\":\"ShieldTagResource\",\"Effect\":\"Allow\",\"Action\":\"shield:TagResource\",\"Resource\":\"arn:aws:shield::*:protection/*\",\"Condition\":{\"StringEquals\":{\"aws:RequestTag/eks:eks-cluster-name\":\"${aws:PrincipalTag/eks:eks-cluster-name}\"}}}]}",
            "override_json": null,
            "override_policy_documents": null,
            "policy_id": null,
            "source_json": null,
            "source_policy_documents": null,
            "statement": [
              {
                "actions": [
                  "ec2:CreateFleet",
                  "ec2:CreateLaunchTemplate",
                  "ec2:RunInstances"
                ],
                "condition": [
                  {
                    "test": "StringEquals",
                    "values": [
                      "${aws:PrincipalTag/eks:eks-cluster-name}"
                    ],
                    "variable": "aws:RequestTag/eks:eks-cluster-name"
                  },
                  {
                    "test": "StringLike",
                    "values": [
                      "*"
                    ],
                    "variable": "aws:RequestTag/eks:kubernetes-node-class-name"
                  },
                  {
                    "test": "StringLike",
                    "values": [
                      "*"
                    ],
                    "variable": "aws:RequestTag/eks:kubernetes-node-pool-name"
                  }
                ],
                "effect": "Allow",
                "not_actions": [],
                "not_principals": [],
                "not_resources": [],
                "principals": [],
                "resources": [
                  "*"
                ],
                "sid": "Compute"
              },
              {
                "actions": [
                  "ec2:CreateSnapshot",
                  "ec2:CreateVolume"
                ],
                "condition": [
                  {
                    "test": "StringEquals",
                    "values": [
                      "${aws:PrincipalTag/eks:eks-cluster-name}"
                    ],
                    "variable": "aws:RequestTag/eks:eks-cluster-name"
                  }
                ],
                "effect": "Allow",
                "not_actions": [],
                "not_principals": [],
                "not_resources": [],
                "principals": [],
                "resources": [
                  "arn:aws:ec2:*:*:snapshot/*",
                  "arn:aws:ec2:*:*:volume/*"
                ],
                "sid": "Storage"
              },
              {
                "actions": [
                  "ec2:CreateNetworkInterface"
                ],
                "condition": [
                  {
                    "test": "StringEquals",
                    "values": [
                      "${aws:PrincipalTag/eks:eks-cluster-name}"
                    ],
                    "variable": "aws:RequestTag/eks:eks-cluster-name"
                  },
                  {
                    "test": "StringEquals",
                    "values": [
                      "*"
                    ],
                    "variable": "aws:RequestTag/eks:kubernetes-cni-node-name"
                  }
                ],
                "effect": "Allow",
                "not_actions": [],
                "not_principals": [],
                "not_resources": [],
                "principals": [],
                "resources": [
                  "*"
                ],
                "sid": "Networking"
              },
              {
                "actions": [
                  "ec2:CreateSecurityGroup",
                  "elasticloadbalancing:CreateListener",
                  "elasticloadbalancing:CreateLoadBalancer",
                  "elasticloadbalancing:CreateRule",
                  "elasticloadbalancing:CreateTargetGroup"
                ],
                "condition": [
                  {
                    "test": "StringEquals",
                    "values": [
                      "${aws:PrincipalTag/eks:eks-cluster-name}"
                    ],
                    "variable": "aws:RequestTag/eks:eks-cluster-name"
                  }
                ],
                "effect": "Allow",
                "not_actions": [],
                "not_principals": [],
                "not_resources": [],
                "principals": [],
                "resources": [
                  "*"
                ],
                "sid": "LoadBalancer"
              },
              {
                "actions": [
                  "shield:CreateProtection"
                ],
                "condition": [
                  {
                    "test": "StringEquals",
                    "values": [
                      "${aws:PrincipalTag/eks:eks-cluster-name}"
                    ],
                    "variable": "aws:RequestTag/eks:eks-cluster-name"
                  }
                ],
                "effect": "Allow",
                "not_actions": [],
                "not_principals": [],
                "not_resources": [],
                "principals": [],
                "resources": [
                  "*"
                ],
                "sid": "ShieldProtection"
              },
              {
                "actions": [
                  "shield:TagResource"
                ],
                "condition": [
                  {
                    "test": "StringEquals",
                    "values": [
                      "${aws:PrincipalTag/eks:eks-cluster-name}"
                    ],
                    "variable": "aws:RequestTag/eks:eks-cluster-name"
                  }
                ],
                "effect": "Allow",
                "not_actions": [],
                "not_principals": [],
                "not_resources": [],
                "principals": [],
                "resources": [
                  "arn:aws:shield::*:protection/*"
                ],
                "sid": "ShieldTagResource"
              }
            ],
            "version": "2012-10-17"
          },
          "sensitive_attributes": []
        }
      ]
    },
    {
      "module": "module.eks_example_eks-auto-mode.module.eks",
      "mode": "data",
      "type": "aws_iam_policy_document",
      "name": "node_assume_role_policy",
      "provider": "module.eks_example_eks-auto-mode.provider[\"registry.terraform.io/hashicorp/aws\"]",
      "instances": [
        {
          "index_key": 0,
          "schema_version": 0,
          "attributes": {
            "id": "3518401652",
            "json": "{\n  \"Version\": \"2012-10-17\",\n  \"Statement\": [\n    {\n      \"Sid\": \"EKSAutoNodeAssumeRole\",\n      \"Effect\": \"Allow\",\n      \"Action\": [\n        \"sts:TagSession\",\n        \"sts:AssumeRole\"\n      ],\n      \"Principal\": {\n        \"Service\": \"ec2.amazonaws.com\"\n      }\n    }\n  ]\n}",
            "minified_json": "{\"Version\":\"2012-10-17\",\"Statement\":[{\"Sid\":\"EKSAutoNodeAssumeRole\",\"Effect\":\"Allow\",\"Action\":[\"sts:TagSession\",\"sts:AssumeRole\"],\"Principal\":{\"Service\":\"ec2.amazonaws.com\"}}]}",
            "override_json": null,
            "override_policy_documents": null,
            "policy_id": null,
            "source_json": null,
            "source_policy_documents": null,
            "statement": [
              {
                "actions": [
                  "sts:AssumeRole",
                  "sts:TagSession"
                ],
                "condition": [],
                "effect": "Allow",
                "not_actions": [],
                "not_principals": [],
                "not_resources": [],
                "principals": [
                  {
                    "identifiers": [
                      "ec2.amazonaws.com"
                    ],
                    "type": "Service"
                  }
                ],
                "resources": [],
                "sid": "EKSAutoNodeAssumeRole"
              }
            ],
            "version": "2012-10-17"
          },
          "sensitive_attributes": []
        }
      ]
    },
    {
      "module": "module.eks_example_eks-auto-mode.module.eks",
      "mode": "data",
      "type": "aws_iam_session_context",
      "name": "current",
      "provider": "module.eks_example_eks-auto-mode.provider[\"registry.terraform.io/hashicorp/aws\"]",
      "instances": [
        {
          "index_key": 0,
          "schema_version": 0,
          "attributes": {
            "arn": "arn:aws:iam::805395122898:user/daniel",
            "id": "arn:aws:iam::805395122898:user/daniel",
            "issuer_arn": "arn:aws:iam::805395122898:user/daniel",
            "issuer_id": "",
            "issuer_name": "",
            "session_name": ""
          },
          "sensitive_attributes": []
        }
      ]
    },
    {
      "module": "module.eks_example_eks-auto-mode.module.eks",
      "mode": "data",
      "type": "aws_partition",
      "name": "current",
      "provider": "module.eks_example_eks-auto-mode.provider[\"registry.terraform.io/hashicorp/aws\"]",
      "instances": [
        {
          "index_key": 0,
          "schema_version": 0,
          "attributes": {
            "dns_suffix": "amazonaws.com",
            "id": "aws",
            "partition": "aws",
            "reverse_dns_prefix": "com.amazonaws"
          },
          "sensitive_attributes": []
        }
      ]
    },
    {
      "module": "module.eks_example_eks-auto-mode.module.eks",
      "mode": "data",
      "type": "tls_certificate",
      "name": "this",
      "provider": "provider[\"registry.terraform.io/hashicorp/tls\"]",
      "instances": [
        {
          "index_key": 0,
          "schema_version": 0,
          "attributes": {
            "certificates": [
              {
                "cert_pem": "-----BEGIN CERTIFICATE-----\nMIIEdTCCA12gAwIBAgIJAKcOSkw0grd/MA0GCSqGSIb3DQEBCwUAMGgxCzAJBgNV\nBAYTAlVTMSUwIwYDVQQKExxTdGFyZmllbGQgVGVjaG5vbG9naWVzLCBJbmMuMTIw\nMAYDVQQLEylTdGFyZmllbGQgQ2xhc3MgMiBDZXJ0aWZpY2F0aW9uIEF1dGhvcml0\neTAeFw0wOTA5MDIwMDAwMDBaFw0zNDA2MjgxNzM5MTZaMIGYMQswCQYDVQQGEwJV\nUzEQMA4GA1UECBMHQXJpem9uYTETMBEGA1UEBxMKU2NvdHRzZGFsZTElMCMGA1UE\nChMcU3RhcmZpZWxkIFRlY2hub2xvZ2llcywgSW5jLjE7MDkGA1UEAxMyU3RhcmZp\nZWxkIFNlcnZpY2VzIFJvb3QgQ2VydGlmaWNhdGUgQXV0aG9yaXR5IC0gRzIwggEi\nMA0GCSqGSIb3DQEBAQUAA4IBDwAwggEKAoIBAQDVDDrEKvlO4vW+GZdfjohTsR8/\ny8+fIBNtKTrID30892t2OGPZNmCom15cAICyL1l/9of5JUOG52kbUpqQ4XHj2C0N\nTm/2yEnZtvMaVq4rtnQU68/7JuMauh2WLmo7WJSJR1b/JaCTcFOD2oR0FMNnngRo\nOt+OQFodSk7PQ5E751bWAHDLUu57fa4657wx+UX2wmDPE1kCK4DMNEffud6QZW0C\nzyyRpqbn3oUYSXxmTqM6bam17jQuug0DuDPfR+uxa40l2ZvOgdFFRjKWcIfeAg5J\nQ4W2bHO7ZOphQazJ1FTfhy/HIrImzJ9ZVGif/L4qL8RVHHVAYBeFAlU5i38FAgMB\nAAGjgfAwge0wDwYDVR0TAQH/BAUwAwEB/zAOBgNVHQ8BAf8EBAMCAYYwHQYDVR0O\nBBYEFJxfAN+qAdcwKziIorhtSpzyEZGDMB8GA1UdIwQYMBaAFL9ft9HO3R+G9FtV\nrNzXEMIOqYjnME8GCCsGAQUFBwEBBEMwQTAcBggrBgEFBQcwAYYQaHR0cDovL28u\nc3MyLnVzLzAhBggrBgEFBQcwAoYVaHR0cDovL3guc3MyLnVzL3guY2VyMCYGA1Ud\nHwQfMB0wG6AZoBeGFWh0dHA6Ly9zLnNzMi51cy9yLmNybDARBgNVHSAECjAIMAYG\nBFUdIAAwDQYJKoZIhvcNAQELBQADggEBACMd44pXyn3pF3lM8R5V/cxTbj5HD9/G\nVfKyBDbtgB9TxF00KGu+x1X8Z+rLP3+QsjPNG1gQggL4+C/1E2DUBc7xgQjB3ad1\nl08YuW3e95ORCLp+QCztweq7dp4zBncdDQh/U90bZKuCJ/Fp1U1ervShw3WnWEQt\n8jxwmKy6abaVd38PMV4s/KCHOkdp8Hlf9BRUpJVeEXgSYCfOn8J3/yNTd126/+pZ\n59vPr5KW7ySaNRB6nJHGDn2Z9j8Z3/VyVOEVqQdZe4O/Ui5GjLIAZHYcSNPYeehu\nVsyuLAOQ1xk4meTKCRlb/weWsKh/NEnfVqn3sF/tM+2MR7cwA130A4w=\n-----END CERTIFICATE-----\n",
                "is_ca": true,
                "issuer": "OU=Starfield Class 2 Certification Authority,O=Starfield Technologies\\, Inc.,C=US",
                "not_after": "2034-06-28T17:39:16Z",
                "not_before": "2009-09-02T00:00:00Z",
                "public_key_algorithm": "RSA",
                "serial_number": "12037640545166866303",
                "sha1_fingerprint": "9e99a48a9960b14926bb7f3b02e22da2b0ab7280",
                "signature_algorithm": "SHA256-RSA",
                "subject": "CN=Starfield Services Root Certificate Authority - G2,O=Starfield Technologies\\, Inc.,L=Scottsdale,ST=Arizona,C=US",
                "version": 3
              },
              {
                "cert_pem": "-----BEGIN CERTIFICATE-----\nMIIEkjCCA3qgAwIBAgITBn+USionzfP6wq4rAfkI7rnExjANBgkqhkiG9w0BAQsF\nADCBmDELMAkGA1UEBhMCVVMxEDAOBgNVBAgTB0FyaXpvbmExEzARBgNVBAcTClNj\nb3R0c2RhbGUxJTAjBgNVBAoTHFN0YXJmaWVsZCBUZWNobm9sb2dpZXMsIEluYy4x\nOzA5BgNVBAMTMlN0YXJmaWVsZCBTZXJ2aWNlcyBSb290IENlcnRpZmljYXRlIEF1\ndGhvcml0eSAtIEcyMB4XDTE1MDUyNTEyMDAwMFoXDTM3MTIzMTAxMDAwMFowOTEL\nMAkGA1UEBhMCVVMxDzANBgNVBAoTBkFtYXpvbjEZMBcGA1UEAxMQQW1hem9uIFJv\nb3QgQ0EgMTCCASIwDQYJKoZIhvcNAQEBBQADggEPADCCAQoCggEBALJ4gHHKeNXj\nca9HgFB0fW7Y14h29Jlo91ghYPl0hAEvrAIthtOgQ3pOsqTQNroBvo3bSMgHFzZM\n9O6II8c+6zf1tRn4SWiw3te5djgdYZ6k/oI2peVKVuRF4fn9tBb6dNqcmzU5L/qw\nIFAGbHrQgLKm+a/sRxmPUDgH3KKHOVj4utWp+UhnMJbulHheb4mjUcAwhmahRWa6\nVOujw5H5SNz/0egwLX0tdHA114gk957EWW67c4cX8jJGKLhD+rcdqsq08p8kDi1L\n93FcXmn/6pUCyziKrlA4b9v7LWIbxcceVOF34GfID5yHI9Y/QCB/IIDEgEw+OyQm\njgSubJrIqg0CAwEAAaOCATEwggEtMA8GA1UdEwEB/wQFMAMBAf8wDgYDVR0PAQH/\nBAQDAgGGMB0GA1UdDgQWBBSEGMyFNOy8DJSULghZnMeyEE4KCDAfBgNVHSMEGDAW\ngBScXwDfqgHXMCs4iKK4bUqc8hGRgzB4BggrBgEFBQcBAQRsMGowLgYIKwYBBQUH\nMAGGImh0dHA6Ly9vY3NwLnJvb3RnMi5hbWF6b250cnVzdC5jb20wOAYIKwYBBQUH\nMAKGLGh0dHA6Ly9jcnQucm9vdGcyLmFtYXpvbnRydXN0LmNvbS9yb290ZzIuY2Vy\nMD0GA1UdHwQ2MDQwMqAwoC6GLGh0dHA6Ly9jcmwucm9vdGcyLmFtYXpvbnRydXN0\nLmNvbS9yb290ZzIuY3JsMBEGA1UdIAQKMAgwBgYEVR0gADANBgkqhkiG9w0BAQsF\nAAOCAQEAYjdCXLwQtT6LLOkMm2xF4gcAevnFWAu5CIw+7bMlPLVvUOTNNWqnkzSW\nMiGpSESrnO09tKpzbeR/FoCJbM8oAxiDR3mjEH4wW6w7sGDgd9QIpuEdfF7Au/ma\neyKdpwAJfqxGF4PcnCZXmTA5YpaP7dreqsXMGz7KQ2hsVxa81Q4gLv7/wmpdLqBK\nbRRYh5TmOTFffHPLkIhqhBGWJ6bt2YFGpn6jcgAKUj6DiAdjd4lpFw85hdKrCEVN\n0FE6/V1dN2RMfjCyVSRCnTawXZwXgWHxyvkQAiSr6w10kY17RSlQOYiypok1JR4U\nakcjMS9cmvqtmg5iUaQqqcT5NJ0hGA==\n-----END CERTIFICATE-----\n",
                "is_ca": true,
                "issuer": "CN=Starfield Services Root Certificate Authority - G2,O=Starfield Technologies\\, Inc.,L=Scottsdale,ST=Arizona,C=US",
                "not_after": "2037-12-31T01:00:00Z",
                "not_before": "2015-05-25T12:00:00Z",
                "public_key_algorithm": "RSA",
                "serial_number": "144918191876577076464031512351042010504348870",
                "sha1_fingerprint": "06b25927c42a721631c1efd9431e648fa62e1e39",
                "signature_algorithm": "SHA256-RSA",
                "subject": "CN=Amazon Root CA 1,O=Amazon,C=US",
                "version": 3
              },
              {
                "cert_pem": "-----BEGIN CERTIFICATE-----\nMIIEXjCCA0agAwIBAgITB3MSTNQG0mfAmRzdKZqfODF5hTANBgkqhkiG9w0BAQsF\nADA5MQswCQYDVQQGEwJVUzEPMA0GA1UEChMGQW1hem9uMRkwFwYDVQQDExBBbWF6\nb24gUm9vdCBDQSAxMB4XDTIyMDgyMzIyMjYwNFoXDTMwMDgyMzIyMjYwNFowPDEL\nMAkGA1UEBhMCVVMxDzANBgNVBAoTBkFtYXpvbjEcMBoGA1UEAxMTQW1hem9uIFJT\nQSAyMDQ4IE0wMzCCASIwDQYJKoZIhvcNAQEBBQADggEPADCCAQoCggEBALd/pVko\n8vuM475Tf45HV3BbCl/B9Jy89G1CRkFjcPY06WA9lS+7dWbUA7GtWUKoksr69hKM\nwcMsNpxlw7b3jeXFgxB09/nmalcAWtnLzF+LaDKEA5DQmvKzuh1nfIfqEiKCQSmX\nXh09Xs+dO7cm5qbaL2hhNJCSAejciwcvOFgFNgEMR42wm6KIFHsQW28jhA+1u/M0\np6fVwReuEgZfLfdx82Px0LJck3lST3EB/JfbdsdOzzzg5YkY1dfuqf8y5fUeZ7Cz\nWXbTjujwX/TovmeWKA36VLCz75azW6tDNuDn66FOpADZZ9omVaF6BqNJiLMVl6P3\n/c0OiUMC6Z5OfKcCAwEAAaOCAVowggFWMBIGA1UdEwEB/wQIMAYBAf8CAQAwDgYD\nVR0PAQH/BAQDAgGGMB0GA1UdJQQWMBQGCCsGAQUFBwMBBggrBgEFBQcDAjAdBgNV\nHQ4EFgQUVdkYX9IczAHhWLS+q9lVQgHXLgIwHwYDVR0jBBgwFoAUhBjMhTTsvAyU\nlC4IWZzHshBOCggwewYIKwYBBQUHAQEEbzBtMC8GCCsGAQUFBzABhiNodHRwOi8v\nb2NzcC5yb290Y2ExLmFtYXpvbnRydXN0LmNvbTA6BggrBgEFBQcwAoYuaHR0cDov\nL2NydC5yb290Y2ExLmFtYXpvbnRydXN0LmNvbS9yb290Y2ExLmNlcjA/BgNVHR8E\nODA2MDSgMqAwhi5odHRwOi8vY3JsLnJvb3RjYTEuYW1hem9udHJ1c3QuY29tL3Jv\nb3RjYTEuY3JsMBMGA1UdIAQMMAowCAYGZ4EMAQIBMA0GCSqGSIb3DQEBCwUAA4IB\nAQAGjeWm2cC+3z2MzSCnte46/7JZvj3iQZDY7EvODNdZF41n71Lrk9kbfNwerK0d\nVNzW36Wefr7j7ZSwBVg50W5ay65jNSN74TTQV1yt4WnSbVvN6KlMs1hiyOZdoHKs\nKDV2UGNxbdoBYCQNa2GYF8FQIWLugNp35aSOpMy6cFlymFQomIrnOQHwK1nvVY4q\nxDSJMU/gNJz17D8ArPN3ngnyZ2TwepJ0uBINz3G5te2rdFUF4i4Y3Bb7FUlHDYm4\nu8aIRGpk2ZpfXmxaoxnbIBZRvGLPSUuPwnwoUOMsJ8jirI5vs2dvchPb7MtI1rle\ni02f2ivH2vxkjDLltSpe2fiC\n-----END CERTIFICATE-----\n",
                "is_ca": true,
                "issuer": "CN=Amazon Root CA 1,O=Amazon,C=US",
                "not_after": "2030-08-23T22:26:04Z",
                "not_before": "2022-08-23T22:26:04Z",
                "public_key_algorithm": "RSA",
                "serial_number": "166129356476704345391986644047206454194698629",
                "sha1_fingerprint": "d9fe0a65fa00cabf61f5120d373a8135e1461f15",
                "signature_algorithm": "SHA256-RSA",
                "subject": "CN=Amazon RSA 2048 M03,O=Amazon,C=US",
                "version": 3
              },
              {
                "cert_pem": "-----BEGIN CERTIFICATE-----\nMIIF6DCCBNCgAwIBAgIQBv66XyqnBqR8D/sF0JzzHTANBgkqhkiG9w0BAQsFADA8\nMQswCQYDVQQGEwJVUzEPMA0GA1UEChMGQW1hem9uMRwwGgYDVQQDExNBbWF6b24g\nUlNBIDIwNDggTTAzMB4XDTI1MDMwMjAwMDAwMFoXDTI2MDQwMTIzNTk1OVowKDEm\nMCQGA1UEAwwdKi5la3MudXMtd2VzdC0yLmFtYXpvbmF3cy5jb20wggEiMA0GCSqG\nSIb3DQEBAQUAA4IBDwAwggEKAoIBAQCfvO2Esh0vzmZxCPzfNlHCnH1745SQp00q\nPlS7O+PscmHxnzVa5VLmMZ609FV22Nf1DwEhfo/cxRLiCA3BHxPoAAbE8j5zhoLp\nEn8/GEDYaz0iFBGoLD+oXN7JUW3jpyvq2e60lg0V6aDo9r/nkiVryZ2pv0HpD+UT\nTUhK0dnrBNEVdc6r8wh9bec5PXcDpbyTqgcOVzqe0DvGHLf2GfFUHgekPXkA9g/s\nOs3i7q6eszZj2Lj6JLlJRgptVIgZRcTdroNlbOVIUri4N0O2VRM9N5IWg8oTgc8n\njDRlwzOddWceiFIaaaKLcGlClTpwv+GmLYsWi9/Ut4iJvykMu+aNAgMBAAGjggL4\nMIIC9DAfBgNVHSMEGDAWgBRV2Rhf0hzMAeFYtL6r2VVCAdcuAjAdBgNVHQ4EFgQU\nAChHNssPUZLuggbNPwBJrrWOY0owKAYDVR0RBCEwH4IdKi5la3MudXMtd2VzdC0y\nLmFtYXpvbmF3cy5jb20wEwYDVR0gBAwwCjAIBgZngQwBAgEwDgYDVR0PAQH/BAQD\nAgWgMB0GA1UdJQQWMBQGCCsGAQUFBwMBBggrBgEFBQcDAjA7BgNVHR8ENDAyMDCg\nLqAshipodHRwOi8vY3JsLnIybTAzLmFtYXpvbnRydXN0LmNvbS9yMm0wMy5jcmww\ndQYIKwYBBQUHAQEEaTBnMC0GCCsGAQUFBzABhiFodHRwOi8vb2NzcC5yMm0wMy5h\nbWF6b250cnVzdC5jb20wNgYIKwYBBQUHMAKGKmh0dHA6Ly9jcnQucjJtMDMuYW1h\nem9udHJ1c3QuY29tL3IybTAzLmNlcjAMBgNVHRMBAf8EAjAAMIIBgAYKKwYBBAHW\neQIEAgSCAXAEggFsAWoAdwAOV5S8866pPjMbLJkHs/eQ35vCPXEyJd0hqSWsYcVO\nIQAAAZVUXKmmAAAEAwBIMEYCIQCFd4Z7oyEJQmbZikEocI2h9QFRDFNeqe36ETZt\nN6cYPAIhAJrwPV50ncMOzvBJwbpDlqTg77x523TVW1NtwEa052diAHcAZBHEbKQS\n7KeJHKICLgC8q08oB9QeNSer6v7VA8l9zfAAAAGVVFyp6AAABAMASDBGAiEA92Vs\nqLJxjsOxnQoEdCqQlS8MXH33CkII5kZkIyVXO90CIQDQLcVutogxZJXL9gDq3vYt\nvLEeApjx3/jaa80h8IEFOgB2AEmcm2neHXzs/DbezYdkprhbrwqHgBnRVVL76esp\n3fjDAAABlVRcqfQAAAQDAEcwRQIhAKxL9D1igVrXlrEoahU5MCINMqujvaiFDF8N\nW+VEtEENAiAnHaF+ws06pp3W4X13bY5rWNNueoGkTZEIJaMdpqB2sjANBgkqhkiG\n9w0BAQsFAAOCAQEAA/rMiAebzGQ8pDU9DFsMFREV77bzVJLMZy/avsl+dyvkom+T\nYyBfPZ/a82AoN0y6jM3v6RsMq26Lp0ZiFJ3/4Vddfx/EXv288/ztKt2VP8NeuWim\nM/YClUrkbu5Nx/q2JeIryhkcWqlDQMPFtd5OVfbC7qIWWLlDpKdBzmlheeTqQF3Y\ntShfHyhslseAqBt6hMAt6+F/NSpmUspR7VZN++X0C344SoASYKsrZ94yPaWTtIah\n2hgki3nkJCP/B7zSYOjcecbk8VB3gAl57ZSQMGSHY9Dqaq5ThfQl2Co0ODsV0dqW\nXH0SYy4Tq414jDnyLFru2M+pcH28OIDkH+mKaw==\n-----END CERTIFICATE-----\n",
                "is_ca": false,
                "issuer": "CN=Amazon RSA 2048 M03,O=Amazon,C=US",
                "not_after": "2026-04-01T23:59:59Z",
                "not_before": "2025-03-02T00:00:00Z",
                "public_key_algorithm": "RSA",
                "serial_number": "9297991444839351913657215057320014621",
                "sha1_fingerprint": "567dc0929bef44b0cd9d0d9abadfb33ea85a536c",
                "signature_algorithm": "SHA256-RSA",
                "subject": "CN=*.eks.us-west-2.amazonaws.com",
                "version": 3
              }
            ],
            "content": null,
            "id": "213644035344c59e44dd4b37f3e17ae888eed9e0",
            "url": "https://oidc.eks.us-west-2.amazonaws.com/id/BF7517ACF402E22C66D6E0C7B0412D93",
            "verify_chain": true
          },
          "sensitive_attributes": []
        }
      ]
    },
    {
      "module": "module.eks_example_eks-auto-mode.module.eks",
      "mode": "managed",
      "type": "aws_cloudwatch_log_group",
      "name": "this",
      "provider": "module.eks_example_eks-auto-mode.provider[\"registry.terraform.io/hashicorp/aws\"]",
      "instances": [
        {
          "index_key": 0,
          "schema_version": 0,
          "attributes": {
            "arn": "arn:aws:logs:us-west-2:805395122898:log-group:/aws/eks/ex-github-cd/cluster",
            "id": "/aws/eks/ex-github-cd/cluster",
            "kms_key_id": "",
            "log_group_class": "STANDARD",
            "name": "/aws/eks/ex-github-cd/cluster",
            "name_prefix": "",
            "retention_in_days": 90,
            "skip_destroy": false,
            "tags": {
              "GithubOrg": "terraform-aws-modules",
              "GithubRepo": "terraform-aws-eks",
              "Name": "/aws/eks/ex-github-cd/cluster",
              "Test": "ex-github-cd"
            },
            "tags_all": {
              "GithubOrg": "terraform-aws-modules",
              "GithubRepo": "terraform-aws-eks",
              "Name": "/aws/eks/ex-github-cd/cluster",
              "Test": "ex-github-cd"
            }
          },
          "sensitive_attributes": [],
          "private": "bnVsbA==",
          "create_before_destroy": true
        }
      ]
    },
    {
      "module": "module.eks_example_eks-auto-mode.module.eks",
      "mode": "managed",
      "type": "aws_ec2_tag",
      "name": "cluster_primary_security_group",
      "provider": "module.eks_example_eks-auto-mode.provider[\"registry.terraform.io/hashicorp/aws\"]",
      "instances": [
        {
          "index_key": "GithubOrg",
          "schema_version": 0,
          "attributes": {
            "id": "sg-0d1b1bd580026aee5,GithubOrg",
            "key": "GithubOrg",
            "resource_id": "sg-0d1b1bd580026aee5",
            "value": "terraform-aws-modules"
          },
          "sensitive_attributes": [],
          "private": "bnVsbA==",
          "dependencies": [
            "module.eks_example_eks-auto-mode.data.aws_availability_zones.available",
            "module.eks_example_eks-auto-mode.module.eks.aws_cloudwatch_log_group.this",
            "module.eks_example_eks-auto-mode.module.eks.aws_eks_cluster.this",
            "module.eks_example_eks-auto-mode.module.eks.aws_iam_policy.cni_ipv6_policy",
            "module.eks_example_eks-auto-mode.module.eks.aws_iam_role.eks_auto",
            "module.eks_example_eks-auto-mode.module.eks.aws_iam_role.this",
            "module.eks_example_eks-auto-mode.module.eks.aws_iam_role_policy_attachment.this",
            "module.eks_example_eks-auto-mode.module.eks.aws_security_group.cluster",
            "module.eks_example_eks-auto-mode.module.eks.aws_security_group.node",
            "module.eks_example_eks-auto-mode.module.eks.aws_security_group_rule.cluster",
            "module.eks_example_eks-auto-mode.module.eks.aws_security_group_rule.node",
            "module.eks_example_eks-auto-mode.module.eks.data.aws_caller_identity.current",
            "module.eks_example_eks-auto-mode.module.eks.data.aws_iam_policy_document.assume_role_policy",
            "module.eks_example_eks-auto-mode.module.eks.data.aws_iam_policy_document.cni_ipv6_policy",
            "module.eks_example_eks-auto-mode.module.eks.data.aws_iam_policy_document.node_assume_role_policy",
            "module.eks_example_eks-auto-mode.module.eks.data.aws_iam_session_context.current",
            "module.eks_example_eks-auto-mode.module.eks.data.aws_partition.current",
            "module.eks_example_eks-auto-mode.module.eks.module.kms.aws_kms_external_key.this",
            "module.eks_example_eks-auto-mode.module.eks.module.kms.aws_kms_key.this",
            "module.eks_example_eks-auto-mode.module.eks.module.kms.aws_kms_replica_external_key.this",
            "module.eks_example_eks-auto-mode.module.eks.module.kms.aws_kms_replica_key.this",
            "module.eks_example_eks-auto-mode.module.eks.module.kms.data.aws_caller_identity.current",
            "module.eks_example_eks-auto-mode.module.eks.module.kms.data.aws_iam_policy_document.this",
            "module.eks_example_eks-auto-mode.module.eks.module.kms.data.aws_partition.current",
            "module.eks_example_eks-auto-mode.module.vpc.aws_subnet.private",
            "module.eks_example_eks-auto-mode.module.vpc.aws_vpc.this",
            "module.eks_example_eks-auto-mode.module.vpc.aws_vpc_ipv4_cidr_block_association.this"
          ]
        },
        {
          "index_key": "GithubRepo",
          "schema_version": 0,
          "attributes": {
            "id": "sg-0d1b1bd580026aee5,GithubRepo",
            "key": "GithubRepo",
            "resource_id": "sg-0d1b1bd580026aee5",
            "value": "terraform-aws-eks"
          },
          "sensitive_attributes": [],
          "private": "bnVsbA==",
          "dependencies": [
            "module.eks_example_eks-auto-mode.data.aws_availability_zones.available",
            "module.eks_example_eks-auto-mode.module.eks.aws_cloudwatch_log_group.this",
            "module.eks_example_eks-auto-mode.module.eks.aws_eks_cluster.this",
            "module.eks_example_eks-auto-mode.module.eks.aws_iam_policy.cni_ipv6_policy",
            "module.eks_example_eks-auto-mode.module.eks.aws_iam_role.eks_auto",
            "module.eks_example_eks-auto-mode.module.eks.aws_iam_role.this",
            "module.eks_example_eks-auto-mode.module.eks.aws_iam_role_policy_attachment.this",
            "module.eks_example_eks-auto-mode.module.eks.aws_security_group.cluster",
            "module.eks_example_eks-auto-mode.module.eks.aws_security_group.node",
            "module.eks_example_eks-auto-mode.module.eks.aws_security_group_rule.cluster",
            "module.eks_example_eks-auto-mode.module.eks.aws_security_group_rule.node",
            "module.eks_example_eks-auto-mode.module.eks.data.aws_caller_identity.current",
            "module.eks_example_eks-auto-mode.module.eks.data.aws_iam_policy_document.assume_role_policy",
            "module.eks_example_eks-auto-mode.module.eks.data.aws_iam_policy_document.cni_ipv6_policy",
            "module.eks_example_eks-auto-mode.module.eks.data.aws_iam_policy_document.node_assume_role_policy",
            "module.eks_example_eks-auto-mode.module.eks.data.aws_iam_session_context.current",
            "module.eks_example_eks-auto-mode.module.eks.data.aws_partition.current",
            "module.eks_example_eks-auto-mode.module.eks.module.kms.aws_kms_external_key.this",
            "module.eks_example_eks-auto-mode.module.eks.module.kms.aws_kms_key.this",
            "module.eks_example_eks-auto-mode.module.eks.module.kms.aws_kms_replica_external_key.this",
            "module.eks_example_eks-auto-mode.module.eks.module.kms.aws_kms_replica_key.this",
            "module.eks_example_eks-auto-mode.module.eks.module.kms.data.aws_caller_identity.current",
            "module.eks_example_eks-auto-mode.module.eks.module.kms.data.aws_iam_policy_document.this",
            "module.eks_example_eks-auto-mode.module.eks.module.kms.data.aws_partition.current",
            "module.eks_example_eks-auto-mode.module.vpc.aws_subnet.private",
            "module.eks_example_eks-auto-mode.module.vpc.aws_vpc.this",
            "module.eks_example_eks-auto-mode.module.vpc.aws_vpc_ipv4_cidr_block_association.this"
          ]
        },
        {
          "index_key": "Test",
          "schema_version": 0,
          "attributes": {
            "id": "sg-0d1b1bd580026aee5,Test",
            "key": "Test",
            "resource_id": "sg-0d1b1bd580026aee5",
            "value": "ex-github-cd"
          },
          "sensitive_attributes": [],
          "private": "bnVsbA==",
          "dependencies": [
            "module.eks_example_eks-auto-mode.data.aws_availability_zones.available",
            "module.eks_example_eks-auto-mode.module.eks.aws_cloudwatch_log_group.this",
            "module.eks_example_eks-auto-mode.module.eks.aws_eks_cluster.this",
            "module.eks_example_eks-auto-mode.module.eks.aws_iam_policy.cni_ipv6_policy",
            "module.eks_example_eks-auto-mode.module.eks.aws_iam_role.eks_auto",
            "module.eks_example_eks-auto-mode.module.eks.aws_iam_role.this",
            "module.eks_example_eks-auto-mode.module.eks.aws_iam_role_policy_attachment.this",
            "module.eks_example_eks-auto-mode.module.eks.aws_security_group.cluster",
            "module.eks_example_eks-auto-mode.module.eks.aws_security_group.node",
            "module.eks_example_eks-auto-mode.module.eks.aws_security_group_rule.cluster",
            "module.eks_example_eks-auto-mode.module.eks.aws_security_group_rule.node",
            "module.eks_example_eks-auto-mode.module.eks.data.aws_caller_identity.current",
            "module.eks_example_eks-auto-mode.module.eks.data.aws_iam_policy_document.assume_role_policy",
            "module.eks_example_eks-auto-mode.module.eks.data.aws_iam_policy_document.cni_ipv6_policy",
            "module.eks_example_eks-auto-mode.module.eks.data.aws_iam_policy_document.node_assume_role_policy",
            "module.eks_example_eks-auto-mode.module.eks.data.aws_iam_session_context.current",
            "module.eks_example_eks-auto-mode.module.eks.data.aws_partition.current",
            "module.eks_example_eks-auto-mode.module.eks.module.kms.aws_kms_external_key.this",
            "module.eks_example_eks-auto-mode.module.eks.module.kms.aws_kms_key.this",
            "module.eks_example_eks-auto-mode.module.eks.module.kms.aws_kms_replica_external_key.this",
            "module.eks_example_eks-auto-mode.module.eks.module.kms.aws_kms_replica_key.this",
            "module.eks_example_eks-auto-mode.module.eks.module.kms.data.aws_caller_identity.current",
            "module.eks_example_eks-auto-mode.module.eks.module.kms.data.aws_iam_policy_document.this",
            "module.eks_example_eks-auto-mode.module.eks.module.kms.data.aws_partition.current",
            "module.eks_example_eks-auto-mode.module.vpc.aws_subnet.private",
            "module.eks_example_eks-auto-mode.module.vpc.aws_vpc.this",
            "module.eks_example_eks-auto-mode.module.vpc.aws_vpc_ipv4_cidr_block_association.this"
          ]
        }
      ]
    },
    {
      "module": "module.eks_example_eks-auto-mode.module.eks",
      "mode": "managed",
      "type": "aws_eks_access_entry",
      "name": "this",
      "provider": "module.eks_example_eks-auto-mode.provider[\"registry.terraform.io/hashicorp/aws\"]",
      "instances": [
        {
          "index_key": "cluster_creator",
          "schema_version": 0,
          "attributes": {
            "access_entry_arn": "arn:aws:eks:us-west-2:805395122898:access-entry/ex-github-cd/user/805395122898/daniel/28cb4aa1-9bad-c78c-7046-0fb0e77fcbc3",
            "cluster_name": "ex-github-cd",
            "created_at": "2025-05-03T08:28:52Z",
            "id": "ex-github-cd:arn:aws:iam::805395122898:user/daniel",
            "kubernetes_groups": [],
            "modified_at": "2025-05-03T08:28:52Z",
            "principal_arn": "arn:aws:iam::805395122898:user/daniel",
            "tags": {
              "GithubOrg": "terraform-aws-modules",
              "GithubRepo": "terraform-aws-eks",
              "Test": "ex-github-cd"
            },
            "tags_all": {
              "GithubOrg": "terraform-aws-modules",
              "GithubRepo": "terraform-aws-eks",
              "Test": "ex-github-cd"
            },
            "timeouts": null,
            "type": "STANDARD",
            "user_name": "arn:aws:iam::805395122898:user/daniel"
          },
          "sensitive_attributes": [],
          "private": "eyJlMmJmYjczMC1lY2FhLTExZTYtOGY4OC0zNDM2M2JjN2M0YzAiOnsiY3JlYXRlIjo2MDAwMDAwMDAwMDAsImRlbGV0ZSI6NjAwMDAwMDAwMDAwfX0=",
          "dependencies": [
            "module.eks_example_eks-auto-mode.data.aws_availability_zones.available",
            "module.eks_example_eks-auto-mode.module.eks.aws_cloudwatch_log_group.this",
            "module.eks_example_eks-auto-mode.module.eks.aws_eks_cluster.this",
            "module.eks_example_eks-auto-mode.module.eks.aws_iam_policy.cni_ipv6_policy",
            "module.eks_example_eks-auto-mode.module.eks.aws_iam_role.eks_auto",
            "module.eks_example_eks-auto-mode.module.eks.aws_iam_role.this",
            "module.eks_example_eks-auto-mode.module.eks.aws_iam_role_policy_attachment.this",
            "module.eks_example_eks-auto-mode.module.eks.aws_security_group.cluster",
            "module.eks_example_eks-auto-mode.module.eks.aws_security_group.node",
            "module.eks_example_eks-auto-mode.module.eks.aws_security_group_rule.cluster",
            "module.eks_example_eks-auto-mode.module.eks.aws_security_group_rule.node",
            "module.eks_example_eks-auto-mode.module.eks.data.aws_caller_identity.current",
            "module.eks_example_eks-auto-mode.module.eks.data.aws_iam_policy_document.assume_role_policy",
            "module.eks_example_eks-auto-mode.module.eks.data.aws_iam_policy_document.cni_ipv6_policy",
            "module.eks_example_eks-auto-mode.module.eks.data.aws_iam_policy_document.node_assume_role_policy",
            "module.eks_example_eks-auto-mode.module.eks.data.aws_iam_session_context.current",
            "module.eks_example_eks-auto-mode.module.eks.data.aws_partition.current",
            "module.eks_example_eks-auto-mode.module.eks.module.kms.aws_kms_external_key.this",
            "module.eks_example_eks-auto-mode.module.eks.module.kms.aws_kms_key.this",
            "module.eks_example_eks-auto-mode.module.eks.module.kms.aws_kms_replica_external_key.this",
            "module.eks_example_eks-auto-mode.module.eks.module.kms.aws_kms_replica_key.this",
            "module.eks_example_eks-auto-mode.module.eks.module.kms.data.aws_caller_identity.current",
            "module.eks_example_eks-auto-mode.module.eks.module.kms.data.aws_iam_policy_document.this",
            "module.eks_example_eks-auto-mode.module.eks.module.kms.data.aws_partition.current",
            "module.eks_example_eks-auto-mode.module.vpc.aws_subnet.private",
            "module.eks_example_eks-auto-mode.module.vpc.aws_vpc.this",
            "module.eks_example_eks-auto-mode.module.vpc.aws_vpc_ipv4_cidr_block_association.this"
          ]
        }
      ]
    },
    {
      "module": "module.eks_example_eks-auto-mode.module.eks",
      "mode": "managed",
      "type": "aws_eks_access_policy_association",
      "name": "this",
      "provider": "module.eks_example_eks-auto-mode.provider[\"registry.terraform.io/hashicorp/aws\"]",
      "instances": [
        {
          "index_key": "cluster_creator_admin",
          "schema_version": 0,
          "attributes": {
            "access_scope": [
              {
                "namespaces": [],
                "type": "cluster"
              }
            ],
            "associated_at": "2025-05-03 08:28:53.673 +0000 UTC",
            "cluster_name": "ex-github-cd",
            "id": "ex-github-cd#arn:aws:iam::805395122898:user/daniel#arn:aws:eks::aws:cluster-access-policy/AmazonEKSClusterAdminPolicy",
            "modified_at": "2025-05-03 08:28:53.673 +0000 UTC",
            "policy_arn": "arn:aws:eks::aws:cluster-access-policy/AmazonEKSClusterAdminPolicy",
            "principal_arn": "arn:aws:iam::805395122898:user/daniel",
            "timeouts": null
          },
          "sensitive_attributes": [],
          "private": "eyJlMmJmYjczMC1lY2FhLTExZTYtOGY4OC0zNDM2M2JjN2M0YzAiOnsiY3JlYXRlIjo2MDAwMDAwMDAwMDAsImRlbGV0ZSI6NjAwMDAwMDAwMDAwfX0=",
          "dependencies": [
            "module.eks_example_eks-auto-mode.data.aws_availability_zones.available",
            "module.eks_example_eks-auto-mode.module.eks.aws_cloudwatch_log_group.this",
            "module.eks_example_eks-auto-mode.module.eks.aws_eks_access_entry.this",
            "module.eks_example_eks-auto-mode.module.eks.aws_eks_cluster.this",
            "module.eks_example_eks-auto-mode.module.eks.aws_iam_policy.cni_ipv6_policy",
            "module.eks_example_eks-auto-mode.module.eks.aws_iam_role.eks_auto",
            "module.eks_example_eks-auto-mode.module.eks.aws_iam_role.this",
            "module.eks_example_eks-auto-mode.module.eks.aws_iam_role_policy_attachment.this",
            "module.eks_example_eks-auto-mode.module.eks.aws_security_group.cluster",
            "module.eks_example_eks-auto-mode.module.eks.aws_security_group.node",
            "module.eks_example_eks-auto-mode.module.eks.aws_security_group_rule.cluster",
            "module.eks_example_eks-auto-mode.module.eks.aws_security_group_rule.node",
            "module.eks_example_eks-auto-mode.module.eks.data.aws_caller_identity.current",
            "module.eks_example_eks-auto-mode.module.eks.data.aws_iam_policy_document.assume_role_policy",
            "module.eks_example_eks-auto-mode.module.eks.data.aws_iam_policy_document.cni_ipv6_policy",
            "module.eks_example_eks-auto-mode.module.eks.data.aws_iam_policy_document.node_assume_role_policy",
            "module.eks_example_eks-auto-mode.module.eks.data.aws_iam_session_context.current",
            "module.eks_example_eks-auto-mode.module.eks.data.aws_partition.current",
            "module.eks_example_eks-auto-mode.module.eks.module.kms.aws_kms_external_key.this",
            "module.eks_example_eks-auto-mode.module.eks.module.kms.aws_kms_key.this",
            "module.eks_example_eks-auto-mode.module.eks.module.kms.aws_kms_replica_external_key.this",
            "module.eks_example_eks-auto-mode.module.eks.module.kms.aws_kms_replica_key.this",
            "module.eks_example_eks-auto-mode.module.eks.module.kms.data.aws_caller_identity.current",
            "module.eks_example_eks-auto-mode.module.eks.module.kms.data.aws_iam_policy_document.this",
            "module.eks_example_eks-auto-mode.module.eks.module.kms.data.aws_partition.current",
            "module.eks_example_eks-auto-mode.module.vpc.aws_subnet.private",
            "module.eks_example_eks-auto-mode.module.vpc.aws_vpc.this",
            "module.eks_example_eks-auto-mode.module.vpc.aws_vpc_ipv4_cidr_block_association.this"
          ]
        }
      ]
    },
    {
      "module": "module.eks_example_eks-auto-mode.module.eks",
      "mode": "managed",
      "type": "aws_eks_cluster",
      "name": "this",
      "provider": "module.eks_example_eks-auto-mode.provider[\"registry.terraform.io/hashicorp/aws\"]",
      "instances": [
        {
          "index_key": 0,
          "schema_version": 1,
          "attributes": {
            "access_config": [
              {
                "authentication_mode": "API_AND_CONFIG_MAP",
                "bootstrap_cluster_creator_admin_permissions": false
              }
            ],
            "arn": "arn:aws:eks:us-west-2:805395122898:cluster/ex-github-cd",
            "bootstrap_self_managed_addons": false,
            "certificate_authority": [
              {
                "data": "LS0tLS1CRUdJTiBDRVJUSUZJQ0FURS0tLS0tCk1JSURCVENDQWUyZ0F3SUJBZ0lJSHdYbkxxeWUxNjB3RFFZSktvWklodmNOQVFFTEJRQXdGVEVUTUJFR0ExVUUKQXhNS2EzVmlaWEp1WlhSbGN6QWVGdzB5TlRBMU1ETXdPREE1TkRkYUZ3MHpOVEExTURFd09ERTBORGRhTUJVeApFekFSQmdOVkJBTVRDbXQxWW1WeWJtVjBaWE13Z2dFaU1BMEdDU3FHU0liM0RRRUJBUVVBQTRJQkR3QXdnZ0VLCkFvSUJBUURERm05dDdYaWxWYUl5b3RvdS9xTjF2Nittd3BkcW5PSjFuZk80czNjOUd3MmxrMHJtY2tIZWliNWYKUUdrTWxoMS80Q1ZUSDlRUXRhMnJQMThRREJGQk0zWXRGV1d3WmtnSVpmZXJZM2F1VFJCeXdJb0FEVlFtbkUzVApvZi8zK28wb2JPT3N6N1VwMkNGRUR2VEpIczFGK2dROE10YmlCZzg4T1lZVytobDg5anllMWRNYVFHa04wMGRJClRSOXVJNTMwMzE0eCszVFJCK3ovQ0d3ak5YRXdhOSsrOEhHeHFZSXZKQmgzQ2IxVGh2Z1FuOVJoNWNwbmtOY24KL3ZzTUMwRU54cks3SklxMW1GSjdydzJRTm9SRGJTcEpUR21qYk40ZDRvOUd3R3RNS2hHb1FobG1aQ0tweFBDZwo0blRRUXh4SWM1bDE1dVlnMXZnYldHTkZUbGU1QWdNQkFBR2pXVEJYTUE0R0ExVWREd0VCL3dRRUF3SUNwREFQCkJnTlZIUk1CQWY4RUJUQURBUUgvTUIwR0ExVWREZ1FXQkJUaE92bFBSYUdBVHVqdERIR3JTa0g1bzBvMnh6QVYKQmdOVkhSRUVEakFNZ2dwcmRXSmxjbTVsZEdWek1BMEdDU3FHU0liM0RRRUJDd1VBQTRJQkFRQ0N5Qm5LdTAxbApzZmcwc1RHRnRWdEUvdEcxRUtaTHVIbUdBblpONFhPYlo1cW5iaFBwMUViMmdnTHFVbkptSDlBMys0VU5pdGF5CkVZRFRORUQxN1JQT2RhZ0JRdlpHSmhsSFpQeTU2eWhMRzVkZWhZbFZ5azBrQStCRmVmNXE3OUtLaHlCeHpCcWwKSVB2UHAyWXJ5RUJlU1hYNEl5ZDA1QTAxZlFmNzFTNmhPNnBPRjdBWlYrMCszZStzZGU2YkxMNG1zSm94UzR3VQo1QjhPdEN3YVpqNmlaejVkK25mLzlqcmxPV3VtUGkvUHZ6bERqekU3NFQ3TVZYbk9hamc0U2xzWU5aSFIrUFd4Cmp6R0lUN2krTmh6bTlIMDFVN2twZmxDc2VENk1WYnQ4b1hLT0xpNDBCRHpiK0RsUUJoNm9xdXZtQlZlTVg5NE0Kc0tob21uQmpTZUx5Ci0tLS0tRU5EIENFUlRJRklDQVRFLS0tLS0K"
              }
            ],
            "cluster_id": null,
            "compute_config": [
              {
                "enabled": true,
                "node_pools": [
                  "general-purpose"
                ],
                "node_role_arn": "arn:aws:iam::805395122898:role/ex-github-cd-eks-auto-20250503080930506500000001"
              }
            ],
            "created_at": "2025-05-03T08:10:11Z",
            "enabled_cluster_log_types": [
              "api",
              "audit",
              "authenticator"
            ],
            "encryption_config": [
              {
                "provider": [
                  {
                    "key_arn": "arn:aws:kms:us-west-2:805395122898:key/b94e83e8-745e-466b-9b92-824c10528e67"
                  }
                ],
                "resources": [
                  "secrets"
                ]
              }
            ],
            "endpoint": "https://BF7517ACF402E22C66D6E0C7B0412D93.gr7.us-west-2.eks.amazonaws.com",
            "force_update_version": null,
            "id": "ex-github-cd",
            "identity": [
              {
                "oidc": [
                  {
                    "issuer": "https://oidc.eks.us-west-2.amazonaws.com/id/BF7517ACF402E22C66D6E0C7B0412D93"
                  }
                ]
              }
            ],
            "kubernetes_network_config": [
              {
                "elastic_load_balancing": [
                  {
                    "enabled": true
                  }
                ],
                "ip_family": "ipv4",
                "service_ipv4_cidr": "172.20.0.0/16",
                "service_ipv6_cidr": ""
              }
            ],
            "name": "ex-github-cd",
            "outpost_config": [],
            "platform_version": "eks.25",
            "remote_network_config": [],
            "role_arn": "arn:aws:iam::805395122898:role/ex-github-cd-cluster-20250503080930507100000003",
            "status": "ACTIVE",
            "storage_config": [
              {
                "block_storage": [
                  {
                    "enabled": true
                  }
                ]
              }
            ],
            "tags": {
              "GithubOrg": "terraform-aws-modules",
              "GithubRepo": "terraform-aws-eks",
              "Test": "ex-github-cd",
              "terraform-aws-modules": "eks"
            },
            "tags_all": {
              "GithubOrg": "terraform-aws-modules",
              "GithubRepo": "terraform-aws-eks",
              "Test": "ex-github-cd",
              "terraform-aws-modules": "eks"
            },
            "timeouts": {
              "create": null,
              "delete": null,
              "update": null
            },
            "upgrade_policy": [
              {
                "support_type": "EXTENDED"
              }
            ],
            "version": "1.31",
            "vpc_config": [
              {
                "cluster_security_group_id": "sg-0d1b1bd580026aee5",
                "endpoint_private_access": true,
                "endpoint_public_access": true,
                "public_access_cidrs": [
                  "0.0.0.0/0"
                ],
                "security_group_ids": [
                  "sg-086b077c3f5cec120"
                ],
                "subnet_ids": [
                  "subnet-04c26257262275352",
                  "subnet-0c9dd93200c387a42",
                  "subnet-0e9f31c708ed92939"
                ],
                "vpc_id": "vpc-0ff711b4460bc99a2"
              }
            ],
            "zonal_shift_config": []
          },
          "sensitive_attributes": [],
          "private": "eyJlMmJmYjczMC1lY2FhLTExZTYtOGY4OC0zNDM2M2JjN2M0YzAiOnsiY3JlYXRlIjoxODAwMDAwMDAwMDAwLCJkZWxldGUiOjkwMDAwMDAwMDAwMCwidXBkYXRlIjozNjAwMDAwMDAwMDAwfSwic2NoZW1hX3ZlcnNpb24iOiIxIn0=",
          "dependencies": [
            "module.eks_example_eks-auto-mode.data.aws_availability_zones.available",
            "module.eks_example_eks-auto-mode.module.eks.aws_cloudwatch_log_group.this",
            "module.eks_example_eks-auto-mode.module.eks.aws_iam_policy.cni_ipv6_policy",
            "module.eks_example_eks-auto-mode.module.eks.aws_iam_role.eks_auto",
            "module.eks_example_eks-auto-mode.module.eks.aws_iam_role.this",
            "module.eks_example_eks-auto-mode.module.eks.aws_iam_role_policy_attachment.this",
            "module.eks_example_eks-auto-mode.module.eks.aws_security_group.cluster",
            "module.eks_example_eks-auto-mode.module.eks.aws_security_group.node",
            "module.eks_example_eks-auto-mode.module.eks.aws_security_group_rule.cluster",
            "module.eks_example_eks-auto-mode.module.eks.aws_security_group_rule.node",
            "module.eks_example_eks-auto-mode.module.eks.data.aws_caller_identity.current",
            "module.eks_example_eks-auto-mode.module.eks.data.aws_iam_policy_document.assume_role_policy",
            "module.eks_example_eks-auto-mode.module.eks.data.aws_iam_policy_document.cni_ipv6_policy",
            "module.eks_example_eks-auto-mode.module.eks.data.aws_iam_policy_document.node_assume_role_policy",
            "module.eks_example_eks-auto-mode.module.eks.data.aws_iam_session_context.current",
            "module.eks_example_eks-auto-mode.module.eks.data.aws_partition.current",
            "module.eks_example_eks-auto-mode.module.eks.module.kms.aws_kms_external_key.this",
            "module.eks_example_eks-auto-mode.module.eks.module.kms.aws_kms_key.this",
            "module.eks_example_eks-auto-mode.module.eks.module.kms.aws_kms_replica_external_key.this",
            "module.eks_example_eks-auto-mode.module.eks.module.kms.aws_kms_replica_key.this",
            "module.eks_example_eks-auto-mode.module.eks.module.kms.data.aws_caller_identity.current",
            "module.eks_example_eks-auto-mode.module.eks.module.kms.data.aws_iam_policy_document.this",
            "module.eks_example_eks-auto-mode.module.eks.module.kms.data.aws_partition.current",
            "module.eks_example_eks-auto-mode.module.vpc.aws_subnet.private",
            "module.eks_example_eks-auto-mode.module.vpc.aws_vpc.this",
            "module.eks_example_eks-auto-mode.module.vpc.aws_vpc_ipv4_cidr_block_association.this"
          ],
          "create_before_destroy": true
        }
      ]
    },
    {
      "module": "module.eks_example_eks-auto-mode.module.eks",
      "mode": "managed",
      "type": "aws_iam_openid_connect_provider",
      "name": "oidc_provider",
      "provider": "module.eks_example_eks-auto-mode.provider[\"registry.terraform.io/hashicorp/aws\"]",
      "instances": [
        {
          "index_key": 0,
          "schema_version": 0,
          "attributes": {
            "arn": "arn:aws:iam::805395122898:oidc-provider/oidc.eks.us-west-2.amazonaws.com/id/BF7517ACF402E22C66D6E0C7B0412D93",
            "client_id_list": [
              "sts.amazonaws.com"
            ],
            "id": "arn:aws:iam::805395122898:oidc-provider/oidc.eks.us-west-2.amazonaws.com/id/BF7517ACF402E22C66D6E0C7B0412D93",
            "tags": {
              "GithubOrg": "terraform-aws-modules",
              "GithubRepo": "terraform-aws-eks",
              "Name": "ex-github-cd-eks-irsa",
              "Test": "ex-github-cd"
            },
            "tags_all": {
              "GithubOrg": "terraform-aws-modules",
              "GithubRepo": "terraform-aws-eks",
              "Name": "ex-github-cd-eks-irsa",
              "Test": "ex-github-cd"
            },
            "thumbprint_list": [
              "9e99a48a9960b14926bb7f3b02e22da2b0ab7280"
            ],
            "url": "oidc.eks.us-west-2.amazonaws.com/id/BF7517ACF402E22C66D6E0C7B0412D93"
          },
          "sensitive_attributes": [],
          "private": "bnVsbA==",
          "dependencies": [
            "module.eks_example_eks-auto-mode.data.aws_availability_zones.available",
            "module.eks_example_eks-auto-mode.module.eks.aws_cloudwatch_log_group.this",
            "module.eks_example_eks-auto-mode.module.eks.aws_eks_cluster.this",
            "module.eks_example_eks-auto-mode.module.eks.aws_iam_policy.cni_ipv6_policy",
            "module.eks_example_eks-auto-mode.module.eks.aws_iam_role.eks_auto",
            "module.eks_example_eks-auto-mode.module.eks.aws_iam_role.this",
            "module.eks_example_eks-auto-mode.module.eks.aws_iam_role_policy_attachment.this",
            "module.eks_example_eks-auto-mode.module.eks.aws_security_group.cluster",
            "module.eks_example_eks-auto-mode.module.eks.aws_security_group.node",
            "module.eks_example_eks-auto-mode.module.eks.aws_security_group_rule.cluster",
            "module.eks_example_eks-auto-mode.module.eks.aws_security_group_rule.node",
            "module.eks_example_eks-auto-mode.module.eks.data.aws_caller_identity.current",
            "module.eks_example_eks-auto-mode.module.eks.data.aws_iam_policy_document.assume_role_policy",
            "module.eks_example_eks-auto-mode.module.eks.data.aws_iam_policy_document.cni_ipv6_policy",
            "module.eks_example_eks-auto-mode.module.eks.data.aws_iam_policy_document.node_assume_role_policy",
            "module.eks_example_eks-auto-mode.module.eks.data.aws_iam_session_context.current",
            "module.eks_example_eks-auto-mode.module.eks.data.aws_partition.current",
            "module.eks_example_eks-auto-mode.module.eks.data.tls_certificate.this",
            "module.eks_example_eks-auto-mode.module.eks.module.kms.aws_kms_external_key.this",
            "module.eks_example_eks-auto-mode.module.eks.module.kms.aws_kms_key.this",
            "module.eks_example_eks-auto-mode.module.eks.module.kms.aws_kms_replica_external_key.this",
            "module.eks_example_eks-auto-mode.module.eks.module.kms.aws_kms_replica_key.this",
            "module.eks_example_eks-auto-mode.module.eks.module.kms.data.aws_caller_identity.current",
            "module.eks_example_eks-auto-mode.module.eks.module.kms.data.aws_iam_policy_document.this",
            "module.eks_example_eks-auto-mode.module.eks.module.kms.data.aws_partition.current",
            "module.eks_example_eks-auto-mode.module.vpc.aws_subnet.private",
            "module.eks_example_eks-auto-mode.module.vpc.aws_vpc.this",
            "module.eks_example_eks-auto-mode.module.vpc.aws_vpc_ipv4_cidr_block_association.this"
          ]
        }
      ]
    },
    {
      "module": "module.eks_example_eks-auto-mode.module.eks",
      "mode": "managed",
      "type": "aws_iam_policy",
      "name": "cluster_encryption",
      "provider": "module.eks_example_eks-auto-mode.provider[\"registry.terraform.io/hashicorp/aws\"]",
      "instances": [
        {
          "index_key": 0,
          "schema_version": 0,
          "attributes": {
            "arn": "arn:aws:iam::805395122898:policy/ex-github-cd-cluster-ClusterEncryption20250503080959941000000012",
            "attachment_count": 1,
            "description": "Cluster encryption policy to allow cluster role to utilize CMK provided",
            "id": "arn:aws:iam::805395122898:policy/ex-github-cd-cluster-ClusterEncryption20250503080959941000000012",
            "name": "ex-github-cd-cluster-ClusterEncryption20250503080959941000000012",
            "name_prefix": "ex-github-cd-cluster-ClusterEncryption",
            "path": "/",
            "policy": "{\"Statement\":[{\"Action\":[\"kms:Encrypt\",\"kms:Decrypt\",\"kms:ListGrants\",\"kms:DescribeKey\"],\"Effect\":\"Allow\",\"Resource\":\"arn:aws:kms:us-west-2:805395122898:key/b94e83e8-745e-466b-9b92-824c10528e67\"}],\"Version\":\"2012-10-17\"}",
            "policy_id": "ANPA3XBKKJLJESK5WZ6TQ",
            "tags": {
              "GithubOrg": "terraform-aws-modules",
              "GithubRepo": "terraform-aws-eks",
              "Test": "ex-github-cd"
            },
            "tags_all": {
              "GithubOrg": "terraform-aws-modules",
              "GithubRepo": "terraform-aws-eks",
              "Test": "ex-github-cd"
            }
          },
          "sensitive_attributes": [],
          "private": "bnVsbA==",
          "dependencies": [
            "module.eks_example_eks-auto-mode.module.eks.aws_iam_role.this",
            "module.eks_example_eks-auto-mode.module.eks.data.aws_caller_identity.current",
            "module.eks_example_eks-auto-mode.module.eks.data.aws_iam_policy_document.assume_role_policy",
            "module.eks_example_eks-auto-mode.module.eks.data.aws_iam_session_context.current",
            "module.eks_example_eks-auto-mode.module.eks.module.kms.aws_kms_external_key.this",
            "module.eks_example_eks-auto-mode.module.eks.module.kms.aws_kms_key.this",
            "module.eks_example_eks-auto-mode.module.eks.module.kms.aws_kms_replica_external_key.this",
            "module.eks_example_eks-auto-mode.module.eks.module.kms.aws_kms_replica_key.this",
            "module.eks_example_eks-auto-mode.module.eks.module.kms.data.aws_caller_identity.current",
            "module.eks_example_eks-auto-mode.module.eks.module.kms.data.aws_iam_policy_document.this",
            "module.eks_example_eks-auto-mode.module.eks.module.kms.data.aws_partition.current"
          ]
        }
      ]
    },
    {
      "module": "module.eks_example_eks-auto-mode.module.eks",
      "mode": "managed",
      "type": "aws_iam_policy",
      "name": "custom",
      "provider": "module.eks_example_eks-auto-mode.provider[\"registry.terraform.io/hashicorp/aws\"]",
      "instances": [
        {
          "index_key": 0,
          "schema_version": 0,
          "attributes": {
            "arn": "arn:aws:iam::805395122898:policy/ex-github-cd-cluster-20250503080930507000000002",
            "attachment_count": 1,
            "description": "",
            "id": "arn:aws:iam::805395122898:policy/ex-github-cd-cluster-20250503080930507000000002",
            "name": "ex-github-cd-cluster-20250503080930507000000002",
            "name_prefix": "ex-github-cd-cluster-",
            "path": "/",
            "policy": "{\"Statement\":[{\"Action\":[\"ec2:RunInstances\",\"ec2:CreateLaunchTemplate\",\"ec2:CreateFleet\"],\"Condition\":{\"StringEquals\":{\"aws:RequestTag/eks:eks-cluster-name\":\"${aws:PrincipalTag/eks:eks-cluster-name}\"},\"StringLike\":{\"aws:RequestTag/eks:kubernetes-node-class-name\":\"*\",\"aws:RequestTag/eks:kubernetes-node-pool-name\":\"*\"}},\"Effect\":\"Allow\",\"Resource\":\"*\",\"Sid\":\"Compute\"},{\"Action\":[\"ec2:CreateVolume\",\"ec2:CreateSnapshot\"],\"Condition\":{\"StringEquals\":{\"aws:RequestTag/eks:eks-cluster-name\":\"${aws:PrincipalTag/eks:eks-cluster-name}\"}},\"Effect\":\"Allow\",\"Resource\":[\"arn:aws:ec2:*:*:volume/*\",\"arn:aws:ec2:*:*:snapshot/*\"],\"Sid\":\"Storage\"},{\"Action\":\"ec2:CreateNetworkInterface\",\"Condition\":{\"StringEquals\":{\"aws:RequestTag/eks:eks-cluster-name\":\"${aws:PrincipalTag/eks:eks-cluster-name}\",\"aws:RequestTag/eks:kubernetes-cni-node-name\":\"*\"}},\"Effect\":\"Allow\",\"Resource\":\"*\",\"Sid\":\"Networking\"},{\"Action\":[\"elasticloadbalancing:CreateTargetGroup\",\"elasticloadbalancing:CreateRule\",\"elasticloadbalancing:CreateLoadBalancer\",\"elasticloadbalancing:CreateListener\",\"ec2:CreateSecurityGroup\"],\"Condition\":{\"StringEquals\":{\"aws:RequestTag/eks:eks-cluster-name\":\"${aws:PrincipalTag/eks:eks-cluster-name}\"}},\"Effect\":\"Allow\",\"Resource\":\"*\",\"Sid\":\"LoadBalancer\"},{\"Action\":\"shield:CreateProtection\",\"Condition\":{\"StringEquals\":{\"aws:RequestTag/eks:eks-cluster-name\":\"${aws:PrincipalTag/eks:eks-cluster-name}\"}},\"Effect\":\"Allow\",\"Resource\":\"*\",\"Sid\":\"ShieldProtection\"},{\"Action\":\"shield:TagResource\",\"Condition\":{\"StringEquals\":{\"aws:RequestTag/eks:eks-cluster-name\":\"${aws:PrincipalTag/eks:eks-cluster-name}\"}},\"Effect\":\"Allow\",\"Resource\":\"arn:aws:shield::*:protection/*\",\"Sid\":\"ShieldTagResource\"}],\"Version\":\"2012-10-17\"}",
            "policy_id": "ANPA3XBKKJLJCDRYWH4XW",
            "tags": {
              "GithubOrg": "terraform-aws-modules",
              "GithubRepo": "terraform-aws-eks",
              "Test": "ex-github-cd"
            },
            "tags_all": {
              "GithubOrg": "terraform-aws-modules",
              "GithubRepo": "terraform-aws-eks",
              "Test": "ex-github-cd"
            }
          },
          "sensitive_attributes": [],
          "private": "bnVsbA==",
          "dependencies": [
            "module.eks_example_eks-auto-mode.module.eks.data.aws_iam_policy_document.custom",
            "module.eks_example_eks-auto-mode.module.eks.data.aws_partition.current"
          ]
        }
      ]
    },
    {
      "module": "module.eks_example_eks-auto-mode.module.eks",
      "mode": "managed",
      "type": "aws_iam_role",
      "name": "eks_auto",
      "provider": "module.eks_example_eks-auto-mode.provider[\"registry.terraform.io/hashicorp/aws\"]",
      "instances": [
        {
          "index_key": 0,
          "schema_version": 0,
          "attributes": {
            "arn": "arn:aws:iam::805395122898:role/ex-github-cd-eks-auto-20250503080930506500000001",
            "assume_role_policy": "{\"Statement\":[{\"Action\":[\"sts:TagSession\",\"sts:AssumeRole\"],\"Effect\":\"Allow\",\"Principal\":{\"Service\":\"ec2.amazonaws.com\"},\"Sid\":\"EKSAutoNodeAssumeRole\"}],\"Version\":\"2012-10-17\"}",
            "create_date": "2025-05-03T08:09:31Z",
            "description": "",
            "force_detach_policies": true,
            "id": "ex-github-cd-eks-auto-20250503080930506500000001",
            "inline_policy": [],
            "managed_policy_arns": [
              "arn:aws:iam::aws:policy/AmazonEC2ContainerRegistryPullOnly",
              "arn:aws:iam::aws:policy/AmazonEKSWorkerNodeMinimalPolicy"
            ],
            "max_session_duration": 3600,
            "name": "ex-github-cd-eks-auto-20250503080930506500000001",
            "name_prefix": "ex-github-cd-eks-auto-",
            "path": "/",
            "permissions_boundary": "",
            "tags": {
              "GithubOrg": "terraform-aws-modules",
              "GithubRepo": "terraform-aws-eks",
              "Test": "ex-github-cd"
            },
            "tags_all": {
              "GithubOrg": "terraform-aws-modules",
              "GithubRepo": "terraform-aws-eks",
              "Test": "ex-github-cd"
            },
            "unique_id": "AROA3XBKKJLJJ7XYADLLK"
          },
          "sensitive_attributes": [],
          "private": "bnVsbA==",
          "dependencies": [
            "module.eks_example_eks-auto-mode.module.eks.data.aws_iam_policy_document.node_assume_role_policy"
          ],
          "create_before_destroy": true
        }
      ]
    },
    {
      "module": "module.eks_example_eks-auto-mode.module.eks",
      "mode": "managed",
      "type": "aws_iam_role",
      "name": "this",
      "provider": "module.eks_example_eks-auto-mode.provider[\"registry.terraform.io/hashicorp/aws\"]",
      "instances": [
        {
          "index_key": 0,
          "schema_version": 0,
          "attributes": {
            "arn": "arn:aws:iam::805395122898:role/ex-github-cd-cluster-20250503080930507100000003",
            "assume_role_policy": "{\"Statement\":[{\"Action\":[\"sts:TagSession\",\"sts:AssumeRole\"],\"Effect\":\"Allow\",\"Principal\":{\"Service\":\"eks.amazonaws.com\"},\"Sid\":\"EKSClusterAssumeRole\"}],\"Version\":\"2012-10-17\"}",
            "create_date": "2025-05-03T08:09:31Z",
            "description": "",
            "force_detach_policies": true,
            "id": "ex-github-cd-cluster-20250503080930507100000003",
            "inline_policy": [],
            "managed_policy_arns": [
              "arn:aws:iam::805395122898:policy/ex-github-cd-cluster-20250503080930507000000002",
              "arn:aws:iam::805395122898:policy/ex-github-cd-cluster-ClusterEncryption20250503080959941000000012",
              "arn:aws:iam::aws:policy/AmazonEKSBlockStoragePolicy",
              "arn:aws:iam::aws:policy/AmazonEKSClusterPolicy",
              "arn:aws:iam::aws:policy/AmazonEKSComputePolicy",
              "arn:aws:iam::aws:policy/AmazonEKSLoadBalancingPolicy",
              "arn:aws:iam::aws:policy/AmazonEKSNetworkingPolicy"
            ],
            "max_session_duration": 3600,
            "name": "ex-github-cd-cluster-20250503080930507100000003",
            "name_prefix": "ex-github-cd-cluster-",
            "path": "/",
            "permissions_boundary": "",
            "tags": {
              "GithubOrg": "terraform-aws-modules",
              "GithubRepo": "terraform-aws-eks",
              "Test": "ex-github-cd"
            },
            "tags_all": {
              "GithubOrg": "terraform-aws-modules",
              "GithubRepo": "terraform-aws-eks",
              "Test": "ex-github-cd"
            },
            "unique_id": "AROA3XBKKJLJAGWNWR65O"
          },
          "sensitive_attributes": [],
          "private": "bnVsbA==",
          "dependencies": [
            "module.eks_example_eks-auto-mode.module.eks.data.aws_iam_policy_document.assume_role_policy"
          ],
          "create_before_destroy": true
        }
      ]
    },
    {
      "module": "module.eks_example_eks-auto-mode.module.eks",
      "mode": "managed",
      "type": "aws_iam_role_policy_attachment",
      "name": "cluster_encryption",
      "provider": "module.eks_example_eks-auto-mode.provider[\"registry.terraform.io/hashicorp/aws\"]",
      "instances": [
        {
          "index_key": 0,
          "schema_version": 0,
          "attributes": {
            "id": "ex-github-cd-cluster-20250503080930507100000003-20250503081001102000000013",
            "policy_arn": "arn:aws:iam::805395122898:policy/ex-github-cd-cluster-ClusterEncryption20250503080959941000000012",
            "role": "ex-github-cd-cluster-20250503080930507100000003"
          },
          "sensitive_attributes": [],
          "private": "bnVsbA==",
          "dependencies": [
            "module.eks_example_eks-auto-mode.module.eks.aws_iam_policy.cluster_encryption",
            "module.eks_example_eks-auto-mode.module.eks.aws_iam_role.this",
            "module.eks_example_eks-auto-mode.module.eks.data.aws_caller_identity.current",
            "module.eks_example_eks-auto-mode.module.eks.data.aws_iam_policy_document.assume_role_policy",
            "module.eks_example_eks-auto-mode.module.eks.data.aws_iam_session_context.current",
            "module.eks_example_eks-auto-mode.module.eks.module.kms.aws_kms_external_key.this",
            "module.eks_example_eks-auto-mode.module.eks.module.kms.aws_kms_key.this",
            "module.eks_example_eks-auto-mode.module.eks.module.kms.aws_kms_replica_external_key.this",
            "module.eks_example_eks-auto-mode.module.eks.module.kms.aws_kms_replica_key.this",
            "module.eks_example_eks-auto-mode.module.eks.module.kms.data.aws_caller_identity.current",
            "module.eks_example_eks-auto-mode.module.eks.module.kms.data.aws_iam_policy_document.this",
            "module.eks_example_eks-auto-mode.module.eks.module.kms.data.aws_partition.current"
          ]
        }
      ]
    },
    {
      "module": "module.eks_example_eks-auto-mode.module.eks",
      "mode": "managed",
      "type": "aws_iam_role_policy_attachment",
      "name": "custom",
      "provider": "module.eks_example_eks-auto-mode.provider[\"registry.terraform.io/hashicorp/aws\"]",
      "instances": [
        {
          "index_key": 0,
          "schema_version": 0,
          "attributes": {
            "id": "ex-github-cd-cluster-20250503080930507100000003-20250503080932958300000005",
            "policy_arn": "arn:aws:iam::805395122898:policy/ex-github-cd-cluster-20250503080930507000000002",
            "role": "ex-github-cd-cluster-20250503080930507100000003"
          },
          "sensitive_attributes": [],
          "private": "bnVsbA==",
          "dependencies": [
            "module.eks_example_eks-auto-mode.module.eks.aws_iam_policy.custom",
            "module.eks_example_eks-auto-mode.module.eks.aws_iam_role.this",
            "module.eks_example_eks-auto-mode.module.eks.data.aws_iam_policy_document.assume_role_policy",
            "module.eks_example_eks-auto-mode.module.eks.data.aws_iam_policy_document.custom",
            "module.eks_example_eks-auto-mode.module.eks.data.aws_partition.current"
          ]
        }
      ]
    },
    {
      "module": "module.eks_example_eks-auto-mode.module.eks",
      "mode": "managed",
      "type": "aws_iam_role_policy_attachment",
      "name": "eks_auto",
      "provider": "module.eks_example_eks-auto-mode.provider[\"registry.terraform.io/hashicorp/aws\"]",
      "instances": [
        {
          "index_key": "AmazonEC2ContainerRegistryPullOnly",
          "schema_version": 0,
          "attributes": {
            "id": "ex-github-cd-eks-auto-20250503080930506500000001-20250503080932986900000006",
            "policy_arn": "arn:aws:iam::aws:policy/AmazonEC2ContainerRegistryPullOnly",
            "role": "ex-github-cd-eks-auto-20250503080930506500000001"
          },
          "sensitive_attributes": [],
          "private": "bnVsbA==",
          "dependencies": [
            "module.eks_example_eks-auto-mode.module.eks.aws_iam_role.eks_auto",
            "module.eks_example_eks-auto-mode.module.eks.data.aws_iam_policy_document.node_assume_role_policy",
            "module.eks_example_eks-auto-mode.module.eks.data.aws_partition.current"
          ]
        },
        {
          "index_key": "AmazonEKSWorkerNodeMinimalPolicy",
          "schema_version": 0,
          "attributes": {
            "id": "ex-github-cd-eks-auto-20250503080930506500000001-20250503080932944100000004",
            "policy_arn": "arn:aws:iam::aws:policy/AmazonEKSWorkerNodeMinimalPolicy",
            "role": "ex-github-cd-eks-auto-20250503080930506500000001"
          },
          "sensitive_attributes": [],
          "private": "bnVsbA==",
          "dependencies": [
            "module.eks_example_eks-auto-mode.module.eks.aws_iam_role.eks_auto",
            "module.eks_example_eks-auto-mode.module.eks.data.aws_iam_policy_document.node_assume_role_policy",
            "module.eks_example_eks-auto-mode.module.eks.data.aws_partition.current"
          ]
        }
      ]
    },
    {
      "module": "module.eks_example_eks-auto-mode.module.eks",
      "mode": "managed",
      "type": "aws_iam_role_policy_attachment",
      "name": "this",
      "provider": "module.eks_example_eks-auto-mode.provider[\"registry.terraform.io/hashicorp/aws\"]",
      "instances": [
        {
          "index_key": "AmazonEKSBlockStoragePolicy",
          "schema_version": 0,
          "attributes": {
            "id": "ex-github-cd-cluster-20250503080930507100000003-2025050308093355890000000b",
            "policy_arn": "arn:aws:iam::aws:policy/AmazonEKSBlockStoragePolicy",
            "role": "ex-github-cd-cluster-20250503080930507100000003"
          },
          "sensitive_attributes": [],
          "private": "bnVsbA==",
          "dependencies": [
            "module.eks_example_eks-auto-mode.module.eks.aws_iam_role.this",
            "module.eks_example_eks-auto-mode.module.eks.data.aws_iam_policy_document.assume_role_policy",
            "module.eks_example_eks-auto-mode.module.eks.data.aws_partition.current"
          ],
          "create_before_destroy": true
        },
        {
          "index_key": "AmazonEKSClusterPolicy",
          "schema_version": 0,
          "attributes": {
            "id": "ex-github-cd-cluster-20250503080930507100000003-20250503080933260700000008",
            "policy_arn": "arn:aws:iam::aws:policy/AmazonEKSClusterPolicy",
            "role": "ex-github-cd-cluster-20250503080930507100000003"
          },
          "sensitive_attributes": [],
          "private": "bnVsbA==",
          "dependencies": [
            "module.eks_example_eks-auto-mode.module.eks.aws_iam_role.this",
            "module.eks_example_eks-auto-mode.module.eks.data.aws_iam_policy_document.assume_role_policy",
            "module.eks_example_eks-auto-mode.module.eks.data.aws_partition.current"
          ],
          "create_before_destroy": true
        },
        {
          "index_key": "AmazonEKSComputePolicy",
          "schema_version": 0,
          "attributes": {
            "id": "ex-github-cd-cluster-20250503080930507100000003-20250503080933232300000007",
            "policy_arn": "arn:aws:iam::aws:policy/AmazonEKSComputePolicy",
            "role": "ex-github-cd-cluster-20250503080930507100000003"
          },
          "sensitive_attributes": [],
          "private": "bnVsbA==",
          "dependencies": [
            "module.eks_example_eks-auto-mode.module.eks.aws_iam_role.this",
            "module.eks_example_eks-auto-mode.module.eks.data.aws_iam_policy_document.assume_role_policy",
            "module.eks_example_eks-auto-mode.module.eks.data.aws_partition.current"
          ],
          "create_before_destroy": true
        },
        {
          "index_key": "AmazonEKSLoadBalancingPolicy",
          "schema_version": 0,
          "attributes": {
            "id": "ex-github-cd-cluster-20250503080930507100000003-2025050308093351960000000a",
            "policy_arn": "arn:aws:iam::aws:policy/AmazonEKSLoadBalancingPolicy",
            "role": "ex-github-cd-cluster-20250503080930507100000003"
          },
          "sensitive_attributes": [],
          "private": "bnVsbA==",
          "dependencies": [
            "module.eks_example_eks-auto-mode.module.eks.aws_iam_role.this",
            "module.eks_example_eks-auto-mode.module.eks.data.aws_iam_policy_document.assume_role_policy",
            "module.eks_example_eks-auto-mode.module.eks.data.aws_partition.current"
          ],
          "create_before_destroy": true
        },
        {
          "index_key": "AmazonEKSNetworkingPolicy",
          "schema_version": 0,
          "attributes": {
            "id": "ex-github-cd-cluster-20250503080930507100000003-20250503080933283300000009",
            "policy_arn": "arn:aws:iam::aws:policy/AmazonEKSNetworkingPolicy",
            "role": "ex-github-cd-cluster-20250503080930507100000003"
          },
          "sensitive_attributes": [],
          "private": "bnVsbA==",
          "dependencies": [
            "module.eks_example_eks-auto-mode.module.eks.aws_iam_role.this",
            "module.eks_example_eks-auto-mode.module.eks.data.aws_iam_policy_document.assume_role_policy",
            "module.eks_example_eks-auto-mode.module.eks.data.aws_partition.current"
          ],
          "create_before_destroy": true
        }
      ]
    },
    {
      "module": "module.eks_example_eks-auto-mode.module.eks",
      "mode": "managed",
      "type": "aws_security_group",
      "name": "cluster",
      "provider": "module.eks_example_eks-auto-mode.provider[\"registry.terraform.io/hashicorp/aws\"]",
      "instances": [
        {
          "index_key": 0,
          "schema_version": 1,
          "attributes": {
            "arn": "arn:aws:ec2:us-west-2:805395122898:security-group/sg-086b077c3f5cec120",
            "description": "EKS cluster security group",
            "egress": [],
            "id": "sg-086b077c3f5cec120",
            "ingress": [
              {
                "cidr_blocks": [],
                "description": "Node groups to cluster API",
                "from_port": 443,
                "ipv6_cidr_blocks": [],
                "prefix_list_ids": [],
                "protocol": "tcp",
                "security_groups": [
                  "sg-0839603b38dc671c1"
                ],
                "self": false,
                "to_port": 443
              }
            ],
            "name": "ex-github-cd-cluster-2025050308095027270000000f",
            "name_prefix": "ex-github-cd-cluster-",
            "owner_id": "805395122898",
            "revoke_rules_on_delete": false,
            "tags": {
              "GithubOrg": "terraform-aws-modules",
              "GithubRepo": "terraform-aws-eks",
              "Name": "ex-github-cd-cluster",
              "Test": "ex-github-cd"
            },
            "tags_all": {
              "GithubOrg": "terraform-aws-modules",
              "GithubRepo": "terraform-aws-eks",
              "Name": "ex-github-cd-cluster",
              "Test": "ex-github-cd"
            },
            "timeouts": null,
            "vpc_id": "vpc-0ff711b4460bc99a2"
          },
          "sensitive_attributes": [],
          "private": "eyJlMmJmYjczMC1lY2FhLTExZTYtOGY4OC0zNDM2M2JjN2M0YzAiOnsiY3JlYXRlIjo2MDAwMDAwMDAwMDAsImRlbGV0ZSI6OTAwMDAwMDAwMDAwfSwic2NoZW1hX3ZlcnNpb24iOiIxIn0=",
          "dependencies": [
            "module.eks_example_eks-auto-mode.module.vpc.aws_vpc.this"
          ],
          "create_before_destroy": true
        }
      ]
    },
    {
      "module": "module.eks_example_eks-auto-mode.module.eks",
      "mode": "managed",
      "type": "aws_security_group",
      "name": "node",
      "provider": "module.eks_example_eks-auto-mode.provider[\"registry.terraform.io/hashicorp/aws\"]",
      "instances": [
        {
          "index_key": 0,
          "schema_version": 1,
          "attributes": {
            "arn": "arn:aws:ec2:us-west-2:805395122898:security-group/sg-0839603b38dc671c1",
            "description": "EKS node shared security group",
            "egress": [
              {
                "cidr_blocks": [
                  "0.0.0.0/0"
                ],
                "description": "Allow all egress",
                "from_port": 0,
                "ipv6_cidr_blocks": [],
                "prefix_list_ids": [],
                "protocol": "-1",
                "security_groups": [],
                "self": false,
                "to_port": 0
              }
            ],
            "id": "sg-0839603b38dc671c1",
            "ingress": [
              {
                "cidr_blocks": [],
                "description": "Cluster API to node 4443/tcp webhook",
                "from_port": 4443,
                "ipv6_cidr_blocks": [],
                "prefix_list_ids": [],
                "protocol": "tcp",
                "security_groups": [
                  "sg-086b077c3f5cec120"
                ],
                "self": false,
                "to_port": 4443
              },
              {
                "cidr_blocks": [],
                "description": "Cluster API to node 6443/tcp webhook",
                "from_port": 6443,
                "ipv6_cidr_blocks": [],
                "prefix_list_ids": [],
                "protocol": "tcp",
                "security_groups": [
                  "sg-086b077c3f5cec120"
                ],
                "self": false,
                "to_port": 6443
              },
              {
                "cidr_blocks": [],
                "description": "Cluster API to node 8443/tcp webhook",
                "from_port": 8443,
                "ipv6_cidr_blocks": [],
                "prefix_list_ids": [],
                "protocol": "tcp",
                "security_groups": [
                  "sg-086b077c3f5cec120"
                ],
                "self": false,
                "to_port": 8443
              },
              {
                "cidr_blocks": [],
                "description": "Cluster API to node 9443/tcp webhook",
                "from_port": 9443,
                "ipv6_cidr_blocks": [],
                "prefix_list_ids": [],
                "protocol": "tcp",
                "security_groups": [
                  "sg-086b077c3f5cec120"
                ],
                "self": false,
                "to_port": 9443
              },
              {
                "cidr_blocks": [],
                "description": "Cluster API to node groups",
                "from_port": 443,
                "ipv6_cidr_blocks": [],
                "prefix_list_ids": [],
                "protocol": "tcp",
                "security_groups": [
                  "sg-086b077c3f5cec120"
                ],
                "self": false,
                "to_port": 443
              },
              {
                "cidr_blocks": [],
                "description": "Cluster API to node kubelets",
                "from_port": 10250,
                "ipv6_cidr_blocks": [],
                "prefix_list_ids": [],
                "protocol": "tcp",
                "security_groups": [
                  "sg-086b077c3f5cec120"
                ],
                "self": false,
                "to_port": 10250
              },
              {
                "cidr_blocks": [],
                "description": "Node to node CoreDNS UDP",
                "from_port": 53,
                "ipv6_cidr_blocks": [],
                "prefix_list_ids": [],
                "protocol": "udp",
                "security_groups": [],
                "self": true,
                "to_port": 53
              },
              {
                "cidr_blocks": [],
                "description": "Node to node CoreDNS",
                "from_port": 53,
                "ipv6_cidr_blocks": [],
                "prefix_list_ids": [],
                "protocol": "tcp",
                "security_groups": [],
                "self": true,
                "to_port": 53
              },
              {
                "cidr_blocks": [],
                "description": "Node to node ingress on ephemeral ports",
                "from_port": 1025,
                "ipv6_cidr_blocks": [],
                "prefix_list_ids": [],
                "protocol": "tcp",
                "security_groups": [],
                "self": true,
                "to_port": 65535
              }
            ],
            "name": "ex-github-cd-node-20250503080950507400000010",
            "name_prefix": "ex-github-cd-node-",
            "owner_id": "805395122898",
            "revoke_rules_on_delete": false,
            "tags": {
              "GithubOrg": "terraform-aws-modules",
              "GithubRepo": "terraform-aws-eks",
              "Name": "ex-github-cd-node",
              "Test": "ex-github-cd",
              "kubernetes.io/cluster/ex-github-cd": "owned"
            },
            "tags_all": {
              "GithubOrg": "terraform-aws-modules",
              "GithubRepo": "terraform-aws-eks",
              "Name": "ex-github-cd-node",
              "Test": "ex-github-cd",
              "kubernetes.io/cluster/ex-github-cd": "owned"
            },
            "timeouts": null,
            "vpc_id": "vpc-0ff711b4460bc99a2"
          },
          "sensitive_attributes": [],
          "private": "eyJlMmJmYjczMC1lY2FhLTExZTYtOGY4OC0zNDM2M2JjN2M0YzAiOnsiY3JlYXRlIjo2MDAwMDAwMDAwMDAsImRlbGV0ZSI6OTAwMDAwMDAwMDAwfSwic2NoZW1hX3ZlcnNpb24iOiIxIn0=",
          "dependencies": [
            "module.eks_example_eks-auto-mode.module.vpc.aws_vpc.this"
          ],
          "create_before_destroy": true
        }
      ]
    },
    {
      "module": "module.eks_example_eks-auto-mode.module.eks",
      "mode": "managed",
      "type": "aws_security_group_rule",
      "name": "cluster",
      "provider": "module.eks_example_eks-auto-mode.provider[\"registry.terraform.io/hashicorp/aws\"]",
      "instances": [
        {
          "index_key": "ingress_nodes_443",
          "schema_version": 2,
          "attributes": {
            "cidr_blocks": null,
            "description": "Node groups to cluster API",
            "from_port": 443,
            "id": "sgrule-1835612947",
            "ipv6_cidr_blocks": null,
            "prefix_list_ids": null,
            "protocol": "tcp",
            "security_group_id": "sg-086b077c3f5cec120",
            "security_group_rule_id": "sgr-00c473e0101b29d2b",
            "self": false,
            "source_security_group_id": "sg-0839603b38dc671c1",
            "timeouts": null,
            "to_port": 443,
            "type": "ingress"
          },
          "sensitive_attributes": [],
          "private": "eyJlMmJmYjczMC1lY2FhLTExZTYtOGY4OC0zNDM2M2JjN2M0YzAiOnsiY3JlYXRlIjozMDAwMDAwMDAwMDB9LCJzY2hlbWFfdmVyc2lvbiI6IjIifQ==",
          "dependencies": [
            "module.eks_example_eks-auto-mode.module.eks.aws_security_group.cluster",
            "module.eks_example_eks-auto-mode.module.eks.aws_security_group.node",
            "module.eks_example_eks-auto-mode.module.vpc.aws_vpc.this"
          ],
          "create_before_destroy": true
        }
      ]
    },
    {
      "module": "module.eks_example_eks-auto-mode.module.eks",
      "mode": "managed",
      "type": "aws_security_group_rule",
      "name": "node",
      "provider": "module.eks_example_eks-auto-mode.provider[\"registry.terraform.io/hashicorp/aws\"]",
      "instances": [
        {
          "index_key": "egress_all",
          "schema_version": 2,
          "attributes": {
            "cidr_blocks": [
              "0.0.0.0/0"
            ],
            "description": "Allow all egress",
            "from_port": 0,
            "id": "sgrule-4286994258",
            "ipv6_cidr_blocks": null,
            "prefix_list_ids": [],
            "protocol": "-1",
            "security_group_id": "sg-0839603b38dc671c1",
            "security_group_rule_id": "sgr-060ccb028f07c9a9c",
            "self": false,
            "source_security_group_id": null,
            "timeouts": null,
            "to_port": 0,
            "type": "egress"
          },
          "sensitive_attributes": [],
          "private": "eyJlMmJmYjczMC1lY2FhLTExZTYtOGY4OC0zNDM2M2JjN2M0YzAiOnsiY3JlYXRlIjozMDAwMDAwMDAwMDB9LCJzY2hlbWFfdmVyc2lvbiI6IjIifQ==",
          "dependencies": [
            "module.eks_example_eks-auto-mode.module.eks.aws_security_group.cluster",
            "module.eks_example_eks-auto-mode.module.eks.aws_security_group.node",
            "module.eks_example_eks-auto-mode.module.vpc.aws_vpc.this"
          ],
          "create_before_destroy": true
        },
        {
          "index_key": "ingress_cluster_443",
          "schema_version": 2,
          "attributes": {
            "cidr_blocks": null,
            "description": "Cluster API to node groups",
            "from_port": 443,
            "id": "sgrule-3476622381",
            "ipv6_cidr_blocks": null,
            "prefix_list_ids": [],
            "protocol": "tcp",
            "security_group_id": "sg-0839603b38dc671c1",
            "security_group_rule_id": "sgr-023f7594243e19d77",
            "self": false,
            "source_security_group_id": "sg-086b077c3f5cec120",
            "timeouts": null,
            "to_port": 443,
            "type": "ingress"
          },
          "sensitive_attributes": [],
          "private": "eyJlMmJmYjczMC1lY2FhLTExZTYtOGY4OC0zNDM2M2JjN2M0YzAiOnsiY3JlYXRlIjozMDAwMDAwMDAwMDB9LCJzY2hlbWFfdmVyc2lvbiI6IjIifQ==",
          "dependencies": [
            "module.eks_example_eks-auto-mode.module.eks.aws_security_group.cluster",
            "module.eks_example_eks-auto-mode.module.eks.aws_security_group.node",
            "module.eks_example_eks-auto-mode.module.vpc.aws_vpc.this"
          ],
          "create_before_destroy": true
        },
        {
          "index_key": "ingress_cluster_4443_webhook",
          "schema_version": 2,
          "attributes": {
            "cidr_blocks": null,
            "description": "Cluster API to node 4443/tcp webhook",
            "from_port": 4443,
            "id": "sgrule-3381818076",
            "ipv6_cidr_blocks": null,
            "prefix_list_ids": [],
            "protocol": "tcp",
            "security_group_id": "sg-0839603b38dc671c1",
            "security_group_rule_id": "sgr-09cc7eb55ee23b6cd",
            "self": false,
            "source_security_group_id": "sg-086b077c3f5cec120",
            "timeouts": null,
            "to_port": 4443,
            "type": "ingress"
          },
          "sensitive_attributes": [],
          "private": "eyJlMmJmYjczMC1lY2FhLTExZTYtOGY4OC0zNDM2M2JjN2M0YzAiOnsiY3JlYXRlIjozMDAwMDAwMDAwMDB9LCJzY2hlbWFfdmVyc2lvbiI6IjIifQ==",
          "dependencies": [
            "module.eks_example_eks-auto-mode.module.eks.aws_security_group.cluster",
            "module.eks_example_eks-auto-mode.module.eks.aws_security_group.node",
            "module.eks_example_eks-auto-mode.module.vpc.aws_vpc.this"
          ],
          "create_before_destroy": true
        },
        {
          "index_key": "ingress_cluster_6443_webhook",
          "schema_version": 2,
          "attributes": {
            "cidr_blocks": null,
            "description": "Cluster API to node 6443/tcp webhook",
            "from_port": 6443,
            "id": "sgrule-13636938",
            "ipv6_cidr_blocks": null,
            "prefix_list_ids": [],
            "protocol": "tcp",
            "security_group_id": "sg-0839603b38dc671c1",
            "security_group_rule_id": "sgr-0c5ab233318b4ed1e",
            "self": false,
            "source_security_group_id": "sg-086b077c3f5cec120",
            "timeouts": null,
            "to_port": 6443,
            "type": "ingress"
          },
          "sensitive_attributes": [],
          "private": "eyJlMmJmYjczMC1lY2FhLTExZTYtOGY4OC0zNDM2M2JjN2M0YzAiOnsiY3JlYXRlIjozMDAwMDAwMDAwMDB9LCJzY2hlbWFfdmVyc2lvbiI6IjIifQ==",
          "dependencies": [
            "module.eks_example_eks-auto-mode.module.eks.aws_security_group.cluster",
            "module.eks_example_eks-auto-mode.module.eks.aws_security_group.node",
            "module.eks_example_eks-auto-mode.module.vpc.aws_vpc.this"
          ],
          "create_before_destroy": true
        },
        {
          "index_key": "ingress_cluster_8443_webhook",
          "schema_version": 2,
          "attributes": {
            "cidr_blocks": null,
            "description": "Cluster API to node 8443/tcp webhook",
            "from_port": 8443,
            "id": "sgrule-327952747",
            "ipv6_cidr_blocks": null,
            "prefix_list_ids": [],
            "protocol": "tcp",
            "security_group_id": "sg-0839603b38dc671c1",
            "security_group_rule_id": "sgr-0be543b577ad8c440",
            "self": false,
            "source_security_group_id": "sg-086b077c3f5cec120",
            "timeouts": null,
            "to_port": 8443,
            "type": "ingress"
          },
          "sensitive_attributes": [],
          "private": "eyJlMmJmYjczMC1lY2FhLTExZTYtOGY4OC0zNDM2M2JjN2M0YzAiOnsiY3JlYXRlIjozMDAwMDAwMDAwMDB9LCJzY2hlbWFfdmVyc2lvbiI6IjIifQ==",
          "dependencies": [
            "module.eks_example_eks-auto-mode.module.eks.aws_security_group.cluster",
            "module.eks_example_eks-auto-mode.module.eks.aws_security_group.node",
            "module.eks_example_eks-auto-mode.module.vpc.aws_vpc.this"
          ],
          "create_before_destroy": true
        },
        {
          "index_key": "ingress_cluster_9443_webhook",
          "schema_version": 2,
          "attributes": {
            "cidr_blocks": null,
            "description": "Cluster API to node 9443/tcp webhook",
            "from_port": 9443,
            "id": "sgrule-1999444640",
            "ipv6_cidr_blocks": null,
            "prefix_list_ids": [],
            "protocol": "tcp",
            "security_group_id": "sg-0839603b38dc671c1",
            "security_group_rule_id": "sgr-0547f60e20c586b65",
            "self": false,
            "source_security_group_id": "sg-086b077c3f5cec120",
            "timeouts": null,
            "to_port": 9443,
            "type": "ingress"
          },
          "sensitive_attributes": [],
          "private": "eyJlMmJmYjczMC1lY2FhLTExZTYtOGY4OC0zNDM2M2JjN2M0YzAiOnsiY3JlYXRlIjozMDAwMDAwMDAwMDB9LCJzY2hlbWFfdmVyc2lvbiI6IjIifQ==",
          "dependencies": [
            "module.eks_example_eks-auto-mode.module.eks.aws_security_group.cluster",
            "module.eks_example_eks-auto-mode.module.eks.aws_security_group.node",
            "module.eks_example_eks-auto-mode.module.vpc.aws_vpc.this"
          ],
          "create_before_destroy": true
        },
        {
          "index_key": "ingress_cluster_kubelet",
          "schema_version": 2,
          "attributes": {
            "cidr_blocks": null,
            "description": "Cluster API to node kubelets",
            "from_port": 10250,
            "id": "sgrule-3371052862",
            "ipv6_cidr_blocks": null,
            "prefix_list_ids": [],
            "protocol": "tcp",
            "security_group_id": "sg-0839603b38dc671c1",
            "security_group_rule_id": "sgr-08bca5086834700e6",
            "self": false,
            "source_security_group_id": "sg-086b077c3f5cec120",
            "timeouts": null,
            "to_port": 10250,
            "type": "ingress"
          },
          "sensitive_attributes": [],
          "private": "eyJlMmJmYjczMC1lY2FhLTExZTYtOGY4OC0zNDM2M2JjN2M0YzAiOnsiY3JlYXRlIjozMDAwMDAwMDAwMDB9LCJzY2hlbWFfdmVyc2lvbiI6IjIifQ==",
          "dependencies": [
            "module.eks_example_eks-auto-mode.module.eks.aws_security_group.cluster",
            "module.eks_example_eks-auto-mode.module.eks.aws_security_group.node",
            "module.eks_example_eks-auto-mode.module.vpc.aws_vpc.this"
          ],
          "create_before_destroy": true
        },
        {
          "index_key": "ingress_nodes_ephemeral",
          "schema_version": 2,
          "attributes": {
            "cidr_blocks": null,
            "description": "Node to node ingress on ephemeral ports",
            "from_port": 1025,
            "id": "sgrule-3997650732",
            "ipv6_cidr_blocks": null,
            "prefix_list_ids": [],
            "protocol": "tcp",
            "security_group_id": "sg-0839603b38dc671c1",
            "security_group_rule_id": "sgr-02df5e6a159aec182",
            "self": true,
            "source_security_group_id": null,
            "timeouts": null,
            "to_port": 65535,
            "type": "ingress"
          },
          "sensitive_attributes": [],
          "private": "eyJlMmJmYjczMC1lY2FhLTExZTYtOGY4OC0zNDM2M2JjN2M0YzAiOnsiY3JlYXRlIjozMDAwMDAwMDAwMDB9LCJzY2hlbWFfdmVyc2lvbiI6IjIifQ==",
          "dependencies": [
            "module.eks_example_eks-auto-mode.module.eks.aws_security_group.cluster",
            "module.eks_example_eks-auto-mode.module.eks.aws_security_group.node",
            "module.eks_example_eks-auto-mode.module.vpc.aws_vpc.this"
          ],
          "create_before_destroy": true
        },
        {
          "index_key": "ingress_self_coredns_tcp",
          "schema_version": 2,
          "attributes": {
            "cidr_blocks": null,
            "description": "Node to node CoreDNS",
            "from_port": 53,
            "id": "sgrule-1698348189",
            "ipv6_cidr_blocks": null,
            "prefix_list_ids": [],
            "protocol": "tcp",
            "security_group_id": "sg-0839603b38dc671c1",
            "security_group_rule_id": "sgr-0dc818a4f209d27e6",
            "self": true,
            "source_security_group_id": null,
            "timeouts": null,
            "to_port": 53,
            "type": "ingress"
          },
          "sensitive_attributes": [],
          "private": "eyJlMmJmYjczMC1lY2FhLTExZTYtOGY4OC0zNDM2M2JjN2M0YzAiOnsiY3JlYXRlIjozMDAwMDAwMDAwMDB9LCJzY2hlbWFfdmVyc2lvbiI6IjIifQ==",
          "dependencies": [
            "module.eks_example_eks-auto-mode.module.eks.aws_security_group.cluster",
            "module.eks_example_eks-auto-mode.module.eks.aws_security_group.node",
            "module.eks_example_eks-auto-mode.module.vpc.aws_vpc.this"
          ],
          "create_before_destroy": true
        },
        {
          "index_key": "ingress_self_coredns_udp",
          "schema_version": 2,
          "attributes": {
            "cidr_blocks": null,
            "description": "Node to node CoreDNS UDP",
            "from_port": 53,
            "id": "sgrule-3244629874",
            "ipv6_cidr_blocks": null,
            "prefix_list_ids": [],
            "protocol": "udp",
            "security_group_id": "sg-0839603b38dc671c1",
            "security_group_rule_id": "sgr-0605cee94bdb4db45",
            "self": true,
            "source_security_group_id": null,
            "timeouts": null,
            "to_port": 53,
            "type": "ingress"
          },
          "sensitive_attributes": [],
          "private": "eyJlMmJmYjczMC1lY2FhLTExZTYtOGY4OC0zNDM2M2JjN2M0YzAiOnsiY3JlYXRlIjozMDAwMDAwMDAwMDB9LCJzY2hlbWFfdmVyc2lvbiI6IjIifQ==",
          "dependencies": [
            "module.eks_example_eks-auto-mode.module.eks.aws_security_group.cluster",
            "module.eks_example_eks-auto-mode.module.eks.aws_security_group.node",
            "module.eks_example_eks-auto-mode.module.vpc.aws_vpc.this"
          ],
          "create_before_destroy": true
        }
      ]
    },
    {
      "module": "module.eks_example_eks-auto-mode.module.eks",
      "mode": "managed",
      "type": "time_sleep",
      "name": "this",
      "provider": "provider[\"registry.terraform.io/hashicorp/time\"]",
      "instances": [
        {
          "index_key": 0,
          "schema_version": 0,
          "attributes": {
            "create_duration": "30s",
            "destroy_duration": null,
            "id": "2025-05-03T08:29:22Z",
            "triggers": {
              "cluster_certificate_authority_data": "LS0tLS1CRUdJTiBDRVJUSUZJQ0FURS0tLS0tCk1JSURCVENDQWUyZ0F3SUJBZ0lJSHdYbkxxeWUxNjB3RFFZSktvWklodmNOQVFFTEJRQXdGVEVUTUJFR0ExVUUKQXhNS2EzVmlaWEp1WlhSbGN6QWVGdzB5TlRBMU1ETXdPREE1TkRkYUZ3MHpOVEExTURFd09ERTBORGRhTUJVeApFekFSQmdOVkJBTVRDbXQxWW1WeWJtVjBaWE13Z2dFaU1BMEdDU3FHU0liM0RRRUJBUVVBQTRJQkR3QXdnZ0VLCkFvSUJBUURERm05dDdYaWxWYUl5b3RvdS9xTjF2Nittd3BkcW5PSjFuZk80czNjOUd3MmxrMHJtY2tIZWliNWYKUUdrTWxoMS80Q1ZUSDlRUXRhMnJQMThRREJGQk0zWXRGV1d3WmtnSVpmZXJZM2F1VFJCeXdJb0FEVlFtbkUzVApvZi8zK28wb2JPT3N6N1VwMkNGRUR2VEpIczFGK2dROE10YmlCZzg4T1lZVytobDg5anllMWRNYVFHa04wMGRJClRSOXVJNTMwMzE0eCszVFJCK3ovQ0d3ak5YRXdhOSsrOEhHeHFZSXZKQmgzQ2IxVGh2Z1FuOVJoNWNwbmtOY24KL3ZzTUMwRU54cks3SklxMW1GSjdydzJRTm9SRGJTcEpUR21qYk40ZDRvOUd3R3RNS2hHb1FobG1aQ0tweFBDZwo0blRRUXh4SWM1bDE1dVlnMXZnYldHTkZUbGU1QWdNQkFBR2pXVEJYTUE0R0ExVWREd0VCL3dRRUF3SUNwREFQCkJnTlZIUk1CQWY4RUJUQURBUUgvTUIwR0ExVWREZ1FXQkJUaE92bFBSYUdBVHVqdERIR3JTa0g1bzBvMnh6QVYKQmdOVkhSRUVEakFNZ2dwcmRXSmxjbTVsZEdWek1BMEdDU3FHU0liM0RRRUJDd1VBQTRJQkFRQ0N5Qm5LdTAxbApzZmcwc1RHRnRWdEUvdEcxRUtaTHVIbUdBblpONFhPYlo1cW5iaFBwMUViMmdnTHFVbkptSDlBMys0VU5pdGF5CkVZRFRORUQxN1JQT2RhZ0JRdlpHSmhsSFpQeTU2eWhMRzVkZWhZbFZ5azBrQStCRmVmNXE3OUtLaHlCeHpCcWwKSVB2UHAyWXJ5RUJlU1hYNEl5ZDA1QTAxZlFmNzFTNmhPNnBPRjdBWlYrMCszZStzZGU2YkxMNG1zSm94UzR3VQo1QjhPdEN3YVpqNmlaejVkK25mLzlqcmxPV3VtUGkvUHZ6bERqekU3NFQ3TVZYbk9hamc0U2xzWU5aSFIrUFd4Cmp6R0lUN2krTmh6bTlIMDFVN2twZmxDc2VENk1WYnQ4b1hLT0xpNDBCRHpiK0RsUUJoNm9xdXZtQlZlTVg5NE0Kc0tob21uQmpTZUx5Ci0tLS0tRU5EIENFUlRJRklDQVRFLS0tLS0K",
              "cluster_endpoint": "https://BF7517ACF402E22C66D6E0C7B0412D93.gr7.us-west-2.eks.amazonaws.com",
              "cluster_name": "ex-github-cd",
              "cluster_service_cidr": "172.20.0.0/16",
              "cluster_version": "1.31"
            }
          },
          "sensitive_attributes": [],
          "dependencies": [
            "module.eks_example_eks-auto-mode.data.aws_availability_zones.available",
            "module.eks_example_eks-auto-mode.module.eks.aws_cloudwatch_log_group.this",
            "module.eks_example_eks-auto-mode.module.eks.aws_eks_cluster.this",
            "module.eks_example_eks-auto-mode.module.eks.aws_iam_policy.cni_ipv6_policy",
            "module.eks_example_eks-auto-mode.module.eks.aws_iam_role.eks_auto",
            "module.eks_example_eks-auto-mode.module.eks.aws_iam_role.this",
            "module.eks_example_eks-auto-mode.module.eks.aws_iam_role_policy_attachment.this",
            "module.eks_example_eks-auto-mode.module.eks.aws_security_group.cluster",
            "module.eks_example_eks-auto-mode.module.eks.aws_security_group.node",
            "module.eks_example_eks-auto-mode.module.eks.aws_security_group_rule.cluster",
            "module.eks_example_eks-auto-mode.module.eks.aws_security_group_rule.node",
            "module.eks_example_eks-auto-mode.module.eks.data.aws_caller_identity.current",
            "module.eks_example_eks-auto-mode.module.eks.data.aws_iam_policy_document.assume_role_policy",
            "module.eks_example_eks-auto-mode.module.eks.data.aws_iam_policy_document.cni_ipv6_policy",
            "module.eks_example_eks-auto-mode.module.eks.data.aws_iam_policy_document.node_assume_role_policy",
            "module.eks_example_eks-auto-mode.module.eks.data.aws_iam_session_context.current",
            "module.eks_example_eks-auto-mode.module.eks.data.aws_partition.current",
            "module.eks_example_eks-auto-mode.module.eks.module.kms.aws_kms_external_key.this",
            "module.eks_example_eks-auto-mode.module.eks.module.kms.aws_kms_key.this",
            "module.eks_example_eks-auto-mode.module.eks.module.kms.aws_kms_replica_external_key.this",
            "module.eks_example_eks-auto-mode.module.eks.module.kms.aws_kms_replica_key.this",
            "module.eks_example_eks-auto-mode.module.eks.module.kms.data.aws_caller_identity.current",
            "module.eks_example_eks-auto-mode.module.eks.module.kms.data.aws_iam_policy_document.this",
            "module.eks_example_eks-auto-mode.module.eks.module.kms.data.aws_partition.current",
            "module.eks_example_eks-auto-mode.module.vpc.aws_subnet.private",
            "module.eks_example_eks-auto-mode.module.vpc.aws_vpc.this",
            "module.eks_example_eks-auto-mode.module.vpc.aws_vpc_ipv4_cidr_block_association.this"
          ],
          "create_before_destroy": true
        }
      ]
    },
    {
      "module": "module.eks_example_eks-auto-mode.module.eks.module.kms",
      "mode": "data",
      "type": "aws_caller_identity",
      "name": "current",
      "provider": "module.eks_example_eks-auto-mode.provider[\"registry.terraform.io/hashicorp/aws\"]",
      "instances": [
        {
          "index_key": 0,
          "schema_version": 0,
          "attributes": {
            "account_id": "805395122898",
            "arn": "arn:aws:iam::805395122898:user/daniel",
            "id": "805395122898",
            "user_id": "AIDA3XBKKJLJO2VJAKF5L"
          },
          "sensitive_attributes": []
        }
      ]
    },
    {
      "module": "module.eks_example_eks-auto-mode.module.eks.module.kms",
      "mode": "data",
      "type": "aws_iam_policy_document",
      "name": "this",
      "provider": "module.eks_example_eks-auto-mode.provider[\"registry.terraform.io/hashicorp/aws\"]",
      "instances": [
        {
          "index_key": 0,
          "schema_version": 0,
          "attributes": {
            "id": "192798505",
            "json": "{\n  \"Version\": \"2012-10-17\",\n  \"Statement\": [\n    {\n      \"Sid\": \"Default\",\n      \"Effect\": \"Allow\",\n      \"Action\": \"kms:*\",\n      \"Resource\": \"*\",\n      \"Principal\": {\n        \"AWS\": \"arn:aws:iam::805395122898:root\"\n      }\n    },\n    {\n      \"Sid\": \"KeyAdministration\",\n      \"Effect\": \"Allow\",\n      \"Action\": [\n        \"kms:Update*\",\n        \"kms:UntagResource\",\n        \"kms:TagResource\",\n        \"kms:ScheduleKeyDeletion\",\n        \"kms:Revoke*\",\n        \"kms:ReplicateKey\",\n        \"kms:Put*\",\n        \"kms:List*\",\n        \"kms:ImportKeyMaterial\",\n        \"kms:Get*\",\n        \"kms:Enable*\",\n        \"kms:Disable*\",\n        \"kms:Describe*\",\n        \"kms:Delete*\",\n        \"kms:Create*\",\n        \"kms:CancelKeyDeletion\"\n      ],\n      \"Resource\": \"*\",\n      \"Principal\": {\n        \"AWS\": \"arn:aws:iam::805395122898:user/daniel\"\n      }\n    },\n    {\n      \"Sid\": \"KeyUsage\",\n      \"Effect\": \"Allow\",\n      \"Action\": [\n        \"kms:ReEncrypt*\",\n        \"kms:GenerateDataKey*\",\n        \"kms:Encrypt\",\n        \"kms:DescribeKey\",\n        \"kms:Decrypt\"\n      ],\n      \"Resource\": \"*\",\n      \"Principal\": {\n        \"AWS\": \"arn:aws:iam::805395122898:role/ex-github-cd-cluster-20250503080930507100000003\"\n      }\n    }\n  ]\n}",
            "minified_json": "{\"Version\":\"2012-10-17\",\"Statement\":[{\"Sid\":\"Default\",\"Effect\":\"Allow\",\"Action\":\"kms:*\",\"Resource\":\"*\",\"Principal\":{\"AWS\":\"arn:aws:iam::805395122898:root\"}},{\"Sid\":\"KeyAdministration\",\"Effect\":\"Allow\",\"Action\":[\"kms:Update*\",\"kms:UntagResource\",\"kms:TagResource\",\"kms:ScheduleKeyDeletion\",\"kms:Revoke*\",\"kms:ReplicateKey\",\"kms:Put*\",\"kms:List*\",\"kms:ImportKeyMaterial\",\"kms:Get*\",\"kms:Enable*\",\"kms:Disable*\",\"kms:Describe*\",\"kms:Delete*\",\"kms:Create*\",\"kms:CancelKeyDeletion\"],\"Resource\":\"*\",\"Principal\":{\"AWS\":\"arn:aws:iam::805395122898:user/daniel\"}},{\"Sid\":\"KeyUsage\",\"Effect\":\"Allow\",\"Action\":[\"kms:ReEncrypt*\",\"kms:GenerateDataKey*\",\"kms:Encrypt\",\"kms:DescribeKey\",\"kms:Decrypt\"],\"Resource\":\"*\",\"Principal\":{\"AWS\":\"arn:aws:iam::805395122898:role/ex-github-cd-cluster-20250503080930507100000003\"}}]}",
            "override_json": null,
            "override_policy_documents": null,
            "policy_id": null,
            "source_json": null,
            "source_policy_documents": null,
            "statement": [
              {
                "actions": [
                  "kms:*"
                ],
                "condition": [],
                "effect": "Allow",
                "not_actions": [],
                "not_principals": [],
                "not_resources": [],
                "principals": [
                  {
                    "identifiers": [
                      "arn:aws:iam::805395122898:root"
                    ],
                    "type": "AWS"
                  }
                ],
                "resources": [
                  "*"
                ],
                "sid": "Default"
              },
              {
                "actions": [
                  "kms:CancelKeyDeletion",
                  "kms:Create*",
                  "kms:Delete*",
                  "kms:Describe*",
                  "kms:Disable*",
                  "kms:Enable*",
                  "kms:Get*",
                  "kms:ImportKeyMaterial",
                  "kms:List*",
                  "kms:Put*",
                  "kms:ReplicateKey",
                  "kms:Revoke*",
                  "kms:ScheduleKeyDeletion",
                  "kms:TagResource",
                  "kms:UntagResource",
                  "kms:Update*"
                ],
                "condition": [],
                "effect": "Allow",
                "not_actions": [],
                "not_principals": [],
                "not_resources": [],
                "principals": [
                  {
                    "identifiers": [
                      "arn:aws:iam::805395122898:user/daniel"
                    ],
                    "type": "AWS"
                  }
                ],
                "resources": [
                  "*"
                ],
                "sid": "KeyAdministration"
              },
              {
                "actions": [
                  "kms:Decrypt",
                  "kms:DescribeKey",
                  "kms:Encrypt",
                  "kms:GenerateDataKey*",
                  "kms:ReEncrypt*"
                ],
                "condition": [],
                "effect": "Allow",
                "not_actions": [],
                "not_principals": [],
                "not_resources": [],
                "principals": [
                  {
                    "identifiers": [
                      "arn:aws:iam::805395122898:role/ex-github-cd-cluster-20250503080930507100000003"
                    ],
                    "type": "AWS"
                  }
                ],
                "resources": [
                  "*"
                ],
                "sid": "KeyUsage"
              }
            ],
            "version": "2012-10-17"
          },
          "sensitive_attributes": []
        }
      ]
    },
    {
      "module": "module.eks_example_eks-auto-mode.module.eks.module.kms",
      "mode": "data",
      "type": "aws_partition",
      "name": "current",
      "provider": "module.eks_example_eks-auto-mode.provider[\"registry.terraform.io/hashicorp/aws\"]",
      "instances": [
        {
          "index_key": 0,
          "schema_version": 0,
          "attributes": {
            "dns_suffix": "amazonaws.com",
            "id": "aws",
            "partition": "aws",
            "reverse_dns_prefix": "com.amazonaws"
          },
          "sensitive_attributes": []
        }
      ]
    },
    {
      "module": "module.eks_example_eks-auto-mode.module.eks.module.kms",
      "mode": "managed",
      "type": "aws_kms_alias",
      "name": "this",
      "provider": "module.eks_example_eks-auto-mode.provider[\"registry.terraform.io/hashicorp/aws\"]",
      "instances": [
        {
          "index_key": "cluster",
          "schema_version": 0,
          "attributes": {
            "arn": "arn:aws:kms:us-west-2:805395122898:alias/eks/ex-github-cd",
            "id": "alias/eks/ex-github-cd",
            "name": "alias/eks/ex-github-cd",
            "name_prefix": "",
            "target_key_arn": "arn:aws:kms:us-west-2:805395122898:key/b94e83e8-745e-466b-9b92-824c10528e67",
            "target_key_id": "b94e83e8-745e-466b-9b92-824c10528e67"
          },
          "sensitive_attributes": [],
          "private": "bnVsbA==",
          "dependencies": [
            "module.eks_example_eks-auto-mode.module.eks.aws_iam_role.this",
            "module.eks_example_eks-auto-mode.module.eks.data.aws_caller_identity.current",
            "module.eks_example_eks-auto-mode.module.eks.data.aws_iam_policy_document.assume_role_policy",
            "module.eks_example_eks-auto-mode.module.eks.data.aws_iam_session_context.current",
            "module.eks_example_eks-auto-mode.module.eks.module.kms.aws_kms_external_key.this",
            "module.eks_example_eks-auto-mode.module.eks.module.kms.aws_kms_key.this",
            "module.eks_example_eks-auto-mode.module.eks.module.kms.aws_kms_replica_external_key.this",
            "module.eks_example_eks-auto-mode.module.eks.module.kms.aws_kms_replica_key.this",
            "module.eks_example_eks-auto-mode.module.eks.module.kms.data.aws_caller_identity.current",
            "module.eks_example_eks-auto-mode.module.eks.module.kms.data.aws_iam_policy_document.this",
            "module.eks_example_eks-auto-mode.module.eks.module.kms.data.aws_partition.current"
          ]
        }
      ]
    },
    {
      "module": "module.eks_example_eks-auto-mode.module.eks.module.kms",
      "mode": "managed",
      "type": "aws_kms_key",
      "name": "this",
      "provider": "module.eks_example_eks-auto-mode.provider[\"registry.terraform.io/hashicorp/aws\"]",
      "instances": [
        {
          "index_key": 0,
          "schema_version": 0,
          "attributes": {
            "arn": "arn:aws:kms:us-west-2:805395122898:key/b94e83e8-745e-466b-9b92-824c10528e67",
            "bypass_policy_lockout_safety_check": false,
            "custom_key_store_id": "",
            "customer_master_key_spec": "SYMMETRIC_DEFAULT",
            "deletion_window_in_days": null,
            "description": "ex-github-cd cluster encryption key",
            "enable_key_rotation": true,
            "id": "b94e83e8-745e-466b-9b92-824c10528e67",
            "is_enabled": true,
            "key_id": "b94e83e8-745e-466b-9b92-824c10528e67",
            "key_usage": "ENCRYPT_DECRYPT",
            "multi_region": false,
            "policy": "{\"Statement\":[{\"Action\":\"kms:*\",\"Effect\":\"Allow\",\"Principal\":{\"AWS\":\"arn:aws:iam::805395122898:root\"},\"Resource\":\"*\",\"Sid\":\"Default\"},{\"Action\":[\"kms:Update*\",\"kms:UntagResource\",\"kms:TagResource\",\"kms:ScheduleKeyDeletion\",\"kms:Revoke*\",\"kms:ReplicateKey\",\"kms:Put*\",\"kms:List*\",\"kms:ImportKeyMaterial\",\"kms:Get*\",\"kms:Enable*\",\"kms:Disable*\",\"kms:Describe*\",\"kms:Delete*\",\"kms:Create*\",\"kms:CancelKeyDeletion\"],\"Effect\":\"Allow\",\"Principal\":{\"AWS\":\"arn:aws:iam::805395122898:user/daniel\"},\"Resource\":\"*\",\"Sid\":\"KeyAdministration\"},{\"Action\":[\"kms:ReEncrypt*\",\"kms:GenerateDataKey*\",\"kms:Encrypt\",\"kms:DescribeKey\",\"kms:Decrypt\"],\"Effect\":\"Allow\",\"Principal\":{\"AWS\":\"arn:aws:iam::805395122898:role/ex-github-cd-cluster-20250503080930507100000003\"},\"Resource\":\"*\",\"Sid\":\"KeyUsage\"}],\"Version\":\"2012-10-17\"}",
            "rotation_period_in_days": 365,
            "tags": {
              "GithubOrg": "terraform-aws-modules",
              "GithubRepo": "terraform-aws-eks",
              "Test": "ex-github-cd",
              "terraform-aws-modules": "eks"
            },
            "tags_all": {
              "GithubOrg": "terraform-aws-modules",
              "GithubRepo": "terraform-aws-eks",
              "Test": "ex-github-cd",
              "terraform-aws-modules": "eks"
            },
            "timeouts": null,
            "xks_key_id": ""
          },
          "sensitive_attributes": [],
          "private": "eyJlMmJmYjczMC1lY2FhLTExZTYtOGY4OC0zNDM2M2JjN2M0YzAiOnsiY3JlYXRlIjoxMjAwMDAwMDAwMDB9fQ==",
          "dependencies": [
            "module.eks_example_eks-auto-mode.module.eks.aws_iam_role.this",
            "module.eks_example_eks-auto-mode.module.eks.data.aws_caller_identity.current",
            "module.eks_example_eks-auto-mode.module.eks.data.aws_iam_policy_document.assume_role_policy",
            "module.eks_example_eks-auto-mode.module.eks.data.aws_iam_session_context.current",
            "module.eks_example_eks-auto-mode.module.eks.module.kms.data.aws_caller_identity.current",
            "module.eks_example_eks-auto-mode.module.eks.module.kms.data.aws_iam_policy_document.this",
            "module.eks_example_eks-auto-mode.module.eks.module.kms.data.aws_partition.current"
          ],
          "create_before_destroy": true
        }
      ]
    },
    {
      "module": "module.eks_example_eks-auto-mode.module.vpc",
      "mode": "managed",
      "type": "aws_default_network_acl",
      "name": "this",
      "provider": "module.eks_example_eks-auto-mode.provider[\"registry.terraform.io/hashicorp/aws\"]",
      "instances": [
        {
          "index_key": 0,
          "schema_version": 0,
          "attributes": {
            "arn": "arn:aws:ec2:us-west-2:805395122898:network-acl/acl-039dd49efcab05eb3",
            "default_network_acl_id": "acl-039dd49efcab05eb3",
            "egress": [
              {
                "action": "allow",
                "cidr_block": "",
                "from_port": 0,
                "icmp_code": 0,
                "icmp_type": 0,
                "ipv6_cidr_block": "::/0",
                "protocol": "-1",
                "rule_no": 101,
                "to_port": 0
              },
              {
                "action": "allow",
                "cidr_block": "0.0.0.0/0",
                "from_port": 0,
                "icmp_code": 0,
                "icmp_type": 0,
                "ipv6_cidr_block": "",
                "protocol": "-1",
                "rule_no": 100,
                "to_port": 0
              }
            ],
            "id": "acl-039dd49efcab05eb3",
            "ingress": [
              {
                "action": "allow",
                "cidr_block": "",
                "from_port": 0,
                "icmp_code": 0,
                "icmp_type": 0,
                "ipv6_cidr_block": "::/0",
                "protocol": "-1",
                "rule_no": 101,
                "to_port": 0
              },
              {
                "action": "allow",
                "cidr_block": "0.0.0.0/0",
                "from_port": 0,
                "icmp_code": 0,
                "icmp_type": 0,
                "ipv6_cidr_block": "",
                "protocol": "-1",
                "rule_no": 100,
                "to_port": 0
              }
            ],
            "owner_id": "805395122898",
            "subnet_ids": [
              "subnet-00c2b9cb65865bffb",
              "subnet-04c26257262275352",
              "subnet-05855a3b57845dbbd",
              "subnet-05f3ddc1023220e59",
              "subnet-0b3323db2b81b007c",
              "subnet-0bfb64e7d12b3b1db",
              "subnet-0c9dd93200c387a42",
              "subnet-0e1e51f797c426124",
              "subnet-0e9f31c708ed92939"
            ],
            "tags": {
              "GithubOrg": "terraform-aws-modules",
              "GithubRepo": "terraform-aws-eks",
              "Name": "ex-github-cd-default",
              "Test": "ex-github-cd"
            },
            "tags_all": {
              "GithubOrg": "terraform-aws-modules",
              "GithubRepo": "terraform-aws-eks",
              "Name": "ex-github-cd-default",
              "Test": "ex-github-cd"
            },
            "vpc_id": "vpc-0ff711b4460bc99a2"
          },
          "sensitive_attributes": [],
          "private": "bnVsbA==",
          "dependencies": [
            "module.eks_example_eks-auto-mode.module.vpc.aws_vpc.this"
          ]
        }
      ]
    },
    {
      "module": "module.eks_example_eks-auto-mode.module.vpc",
      "mode": "managed",
      "type": "aws_default_route_table",
      "name": "default",
      "provider": "module.eks_example_eks-auto-mode.provider[\"registry.terraform.io/hashicorp/aws\"]",
      "instances": [
        {
          "index_key": 0,
          "schema_version": 0,
          "attributes": {
            "arn": "arn:aws:ec2:us-west-2:805395122898:route-table/rtb-0a8f763f2e6ff8b49",
            "default_route_table_id": "rtb-0a8f763f2e6ff8b49",
            "id": "rtb-0a8f763f2e6ff8b49",
            "owner_id": "805395122898",
            "propagating_vgws": [],
            "route": [],
            "tags": {
              "GithubOrg": "terraform-aws-modules",
              "GithubRepo": "terraform-aws-eks",
              "Name": "ex-github-cd-default",
              "Test": "ex-github-cd"
            },
            "tags_all": {
              "GithubOrg": "terraform-aws-modules",
              "GithubRepo": "terraform-aws-eks",
              "Name": "ex-github-cd-default",
              "Test": "ex-github-cd"
            },
            "timeouts": {
              "create": "5m",
              "update": "5m"
            },
            "vpc_id": "vpc-0ff711b4460bc99a2"
          },
          "sensitive_attributes": [],
          "private": "eyJlMmJmYjczMC1lY2FhLTExZTYtOGY4OC0zNDM2M2JjN2M0YzAiOnsiY3JlYXRlIjozMDAwMDAwMDAwMDAsInVwZGF0ZSI6MzAwMDAwMDAwMDAwfX0=",
          "dependencies": [
            "module.eks_example_eks-auto-mode.module.vpc.aws_vpc.this"
          ]
        }
      ]
    },
    {
      "module": "module.eks_example_eks-auto-mode.module.vpc",
      "mode": "managed",
      "type": "aws_default_security_group",
      "name": "this",
      "provider": "module.eks_example_eks-auto-mode.provider[\"registry.terraform.io/hashicorp/aws\"]",
      "instances": [
        {
          "index_key": 0,
          "schema_version": 1,
          "attributes": {
            "arn": "arn:aws:ec2:us-west-2:805395122898:security-group/sg-0b5c5922d6ddd2801",
            "description": "default VPC security group",
            "egress": [],
            "id": "sg-0b5c5922d6ddd2801",
            "ingress": [],
            "name": "default",
            "name_prefix": "",
            "owner_id": "805395122898",
            "revoke_rules_on_delete": false,
            "tags": {
              "GithubOrg": "terraform-aws-modules",
              "GithubRepo": "terraform-aws-eks",
              "Name": "ex-github-cd-default",
              "Test": "ex-github-cd"
            },
            "tags_all": {
              "GithubOrg": "terraform-aws-modules",
              "GithubRepo": "terraform-aws-eks",
              "Name": "ex-github-cd-default",
              "Test": "ex-github-cd"
            },
            "vpc_id": "vpc-0ff711b4460bc99a2"
          },
          "sensitive_attributes": [],
          "private": "eyJzY2hlbWFfdmVyc2lvbiI6IjEifQ==",
          "dependencies": [
            "module.eks_example_eks-auto-mode.module.vpc.aws_vpc.this"
          ]
        }
      ]
    },
    {
      "module": "module.eks_example_eks-auto-mode.module.vpc",
      "mode": "managed",
      "type": "aws_eip",
      "name": "nat",
      "provider": "module.eks_example_eks-auto-mode.provider[\"registry.terraform.io/hashicorp/aws\"]",
      "instances": [
        {
          "index_key": 0,
          "schema_version": 0,
          "attributes": {
            "address": null,
            "allocation_id": "eipalloc-083608561ee55ff25",
            "arn": "arn:aws:ec2:us-west-2:805395122898:elastic-ip/eipalloc-083608561ee55ff25",
            "associate_with_private_ip": null,
            "association_id": "eipassoc-0e11ea3e491c9dc43",
            "carrier_ip": "",
            "customer_owned_ip": "",
            "customer_owned_ipv4_pool": "",
            "domain": "vpc",
            "id": "eipalloc-083608561ee55ff25",
            "instance": "",
            "ipam_pool_id": null,
            "network_border_group": "us-west-2",
            "network_interface": "eni-0d7eac7e69ca06ff4",
            "private_dns": "ip-10-0-48-114.us-west-2.compute.internal",
            "private_ip": "10.0.48.114",
            "ptr_record": "",
            "public_dns": "ec2-54-186-204-196.us-west-2.compute.amazonaws.com",
            "public_ip": "54.186.204.196",
            "public_ipv4_pool": "amazon",
            "tags": {
              "GithubOrg": "terraform-aws-modules",
              "GithubRepo": "terraform-aws-eks",
              "Name": "ex-github-cd-us-west-2a",
              "Test": "ex-github-cd"
            },
            "tags_all": {
              "GithubOrg": "terraform-aws-modules",
              "GithubRepo": "terraform-aws-eks",
              "Name": "ex-github-cd-us-west-2a",
              "Test": "ex-github-cd"
            },
            "timeouts": null,
            "vpc": true
          },
          "sensitive_attributes": [],
          "private": "eyJlMmJmYjczMC1lY2FhLTExZTYtOGY4OC0zNDM2M2JjN2M0YzAiOnsiZGVsZXRlIjoxODAwMDAwMDAwMDAsInJlYWQiOjkwMDAwMDAwMDAwMCwidXBkYXRlIjozMDAwMDAwMDAwMDB9fQ==",
          "dependencies": [
            "module.eks_example_eks-auto-mode.data.aws_availability_zones.available",
            "module.eks_example_eks-auto-mode.module.vpc.aws_internet_gateway.this",
            "module.eks_example_eks-auto-mode.module.vpc.aws_vpc.this",
            "module.eks_example_eks-auto-mode.module.vpc.aws_vpc_ipv4_cidr_block_association.this"
          ]
        }
      ]
    },
    {
      "module": "module.eks_example_eks-auto-mode.module.vpc",
      "mode": "managed",
      "type": "aws_internet_gateway",
      "name": "this",
      "provider": "module.eks_example_eks-auto-mode.provider[\"registry.terraform.io/hashicorp/aws\"]",
      "instances": [
        {
          "index_key": 0,
          "schema_version": 0,
          "attributes": {
            "arn": "arn:aws:ec2:us-west-2:805395122898:internet-gateway/igw-04c4fc0981122dcdd",
            "id": "igw-04c4fc0981122dcdd",
            "owner_id": "805395122898",
            "tags": {
              "GithubOrg": "terraform-aws-modules",
              "GithubRepo": "terraform-aws-eks",
              "Name": "ex-github-cd",
              "Test": "ex-github-cd"
            },
            "tags_all": {
              "GithubOrg": "terraform-aws-modules",
              "GithubRepo": "terraform-aws-eks",
              "Name": "ex-github-cd",
              "Test": "ex-github-cd"
            },
            "timeouts": null,
            "vpc_id": "vpc-0ff711b4460bc99a2"
          },
          "sensitive_attributes": [],
          "private": "eyJlMmJmYjczMC1lY2FhLTExZTYtOGY4OC0zNDM2M2JjN2M0YzAiOnsiY3JlYXRlIjoxMjAwMDAwMDAwMDAwLCJkZWxldGUiOjEyMDAwMDAwMDAwMDAsInVwZGF0ZSI6MTIwMDAwMDAwMDAwMH19",
          "dependencies": [
            "module.eks_example_eks-auto-mode.data.aws_availability_zones.available",
            "module.eks_example_eks-auto-mode.module.vpc.aws_vpc.this",
            "module.eks_example_eks-auto-mode.module.vpc.aws_vpc_ipv4_cidr_block_association.this"
          ]
        }
      ]
    },
    {
      "module": "module.eks_example_eks-auto-mode.module.vpc",
      "mode": "managed",
      "type": "aws_nat_gateway",
      "name": "this",
      "provider": "module.eks_example_eks-auto-mode.provider[\"registry.terraform.io/hashicorp/aws\"]",
      "instances": [
        {
          "index_key": 0,
          "schema_version": 0,
          "attributes": {
            "allocation_id": "eipalloc-083608561ee55ff25",
            "association_id": "eipassoc-0e11ea3e491c9dc43",
            "connectivity_type": "public",
            "id": "nat-036e8b389848c08bd",
            "network_interface_id": "eni-0d7eac7e69ca06ff4",
            "private_ip": "10.0.48.114",
            "public_ip": "54.186.204.196",
            "secondary_allocation_ids": [],
            "secondary_private_ip_address_count": 0,
            "secondary_private_ip_addresses": [],
            "subnet_id": "subnet-0b3323db2b81b007c",
            "tags": {
              "GithubOrg": "terraform-aws-modules",
              "GithubRepo": "terraform-aws-eks",
              "Name": "ex-github-cd-us-west-2a",
              "Test": "ex-github-cd"
            },
            "tags_all": {
              "GithubOrg": "terraform-aws-modules",
              "GithubRepo": "terraform-aws-eks",
              "Name": "ex-github-cd-us-west-2a",
              "Test": "ex-github-cd"
            },
            "timeouts": null
          },
          "sensitive_attributes": [],
          "private": "eyJlMmJmYjczMC1lY2FhLTExZTYtOGY4OC0zNDM2M2JjN2M0YzAiOnsiY3JlYXRlIjo2MDAwMDAwMDAwMDAsImRlbGV0ZSI6MTgwMDAwMDAwMDAwMCwidXBkYXRlIjo2MDAwMDAwMDAwMDB9fQ==",
          "dependencies": [
            "module.eks_example_eks-auto-mode.data.aws_availability_zones.available",
            "module.eks_example_eks-auto-mode.module.vpc.aws_eip.nat",
            "module.eks_example_eks-auto-mode.module.vpc.aws_internet_gateway.this",
            "module.eks_example_eks-auto-mode.module.vpc.aws_subnet.public",
            "module.eks_example_eks-auto-mode.module.vpc.aws_vpc.this",
            "module.eks_example_eks-auto-mode.module.vpc.aws_vpc_ipv4_cidr_block_association.this"
          ]
        }
      ]
    },
    {
      "module": "module.eks_example_eks-auto-mode.module.vpc",
      "mode": "managed",
      "type": "aws_route",
      "name": "private_nat_gateway",
      "provider": "module.eks_example_eks-auto-mode.provider[\"registry.terraform.io/hashicorp/aws\"]",
      "instances": [
        {
          "index_key": 0,
          "schema_version": 0,
          "attributes": {
            "carrier_gateway_id": "",
            "core_network_arn": "",
            "destination_cidr_block": "0.0.0.0/0",
            "destination_ipv6_cidr_block": "",
            "destination_prefix_list_id": "",
            "egress_only_gateway_id": "",
            "gateway_id": "",
            "id": "r-rtb-07b2add70e420e4c81080289494",
            "instance_id": "",
            "instance_owner_id": "",
            "local_gateway_id": "",
            "nat_gateway_id": "nat-036e8b389848c08bd",
            "network_interface_id": "",
            "origin": "CreateRoute",
            "route_table_id": "rtb-07b2add70e420e4c8",
            "state": "active",
            "timeouts": {
              "create": "5m",
              "delete": null,
              "update": null
            },
            "transit_gateway_id": "",
            "vpc_endpoint_id": "",
            "vpc_peering_connection_id": ""
          },
          "sensitive_attributes": [],
          "private": "eyJlMmJmYjczMC1lY2FhLTExZTYtOGY4OC0zNDM2M2JjN2M0YzAiOnsiY3JlYXRlIjozMDAwMDAwMDAwMDAsImRlbGV0ZSI6MzAwMDAwMDAwMDAwLCJ1cGRhdGUiOjEyMDAwMDAwMDAwMH19",
          "dependencies": [
            "module.eks_example_eks-auto-mode.data.aws_availability_zones.available",
            "module.eks_example_eks-auto-mode.module.vpc.aws_eip.nat",
            "module.eks_example_eks-auto-mode.module.vpc.aws_internet_gateway.this",
            "module.eks_example_eks-auto-mode.module.vpc.aws_nat_gateway.this",
            "module.eks_example_eks-auto-mode.module.vpc.aws_route_table.private",
            "module.eks_example_eks-auto-mode.module.vpc.aws_subnet.public",
            "module.eks_example_eks-auto-mode.module.vpc.aws_vpc.this",
            "module.eks_example_eks-auto-mode.module.vpc.aws_vpc_ipv4_cidr_block_association.this"
          ]
        }
      ]
    },
    {
      "module": "module.eks_example_eks-auto-mode.module.vpc",
      "mode": "managed",
      "type": "aws_route",
      "name": "public_internet_gateway",
      "provider": "module.eks_example_eks-auto-mode.provider[\"registry.terraform.io/hashicorp/aws\"]",
      "instances": [
        {
          "index_key": 0,
          "schema_version": 0,
          "attributes": {
            "carrier_gateway_id": "",
            "core_network_arn": "",
            "destination_cidr_block": "0.0.0.0/0",
            "destination_ipv6_cidr_block": "",
            "destination_prefix_list_id": "",
            "egress_only_gateway_id": "",
            "gateway_id": "igw-04c4fc0981122dcdd",
            "id": "r-rtb-0ca10e8820ad049271080289494",
            "instance_id": "",
            "instance_owner_id": "",
            "local_gateway_id": "",
            "nat_gateway_id": "",
            "network_interface_id": "",
            "origin": "CreateRoute",
            "route_table_id": "rtb-0ca10e8820ad04927",
            "state": "active",
            "timeouts": {
              "create": "5m",
              "delete": null,
              "update": null
            },
            "transit_gateway_id": "",
            "vpc_endpoint_id": "",
            "vpc_peering_connection_id": ""
          },
          "sensitive_attributes": [],
          "private": "eyJlMmJmYjczMC1lY2FhLTExZTYtOGY4OC0zNDM2M2JjN2M0YzAiOnsiY3JlYXRlIjozMDAwMDAwMDAwMDAsImRlbGV0ZSI6MzAwMDAwMDAwMDAwLCJ1cGRhdGUiOjEyMDAwMDAwMDAwMH19",
          "dependencies": [
            "module.eks_example_eks-auto-mode.data.aws_availability_zones.available",
            "module.eks_example_eks-auto-mode.module.vpc.aws_internet_gateway.this",
            "module.eks_example_eks-auto-mode.module.vpc.aws_route_table.public",
            "module.eks_example_eks-auto-mode.module.vpc.aws_vpc.this",
            "module.eks_example_eks-auto-mode.module.vpc.aws_vpc_ipv4_cidr_block_association.this"
          ]
        }
      ]
    },
    {
      "module": "module.eks_example_eks-auto-mode.module.vpc",
      "mode": "managed",
      "type": "aws_route_table",
      "name": "intra",
      "provider": "module.eks_example_eks-auto-mode.provider[\"registry.terraform.io/hashicorp/aws\"]",
      "instances": [
        {
          "index_key": 0,
          "schema_version": 0,
          "attributes": {
            "arn": "arn:aws:ec2:us-west-2:805395122898:route-table/rtb-0c652593e355ab7c2",
            "id": "rtb-0c652593e355ab7c2",
            "owner_id": "805395122898",
            "propagating_vgws": [],
            "route": [],
            "tags": {
              "GithubOrg": "terraform-aws-modules",
              "GithubRepo": "terraform-aws-eks",
              "Name": "ex-github-cd-intra",
              "Test": "ex-github-cd"
            },
            "tags_all": {
              "GithubOrg": "terraform-aws-modules",
              "GithubRepo": "terraform-aws-eks",
              "Name": "ex-github-cd-intra",
              "Test": "ex-github-cd"
            },
            "timeouts": null,
            "vpc_id": "vpc-0ff711b4460bc99a2"
          },
          "sensitive_attributes": [],
          "private": "eyJlMmJmYjczMC1lY2FhLTExZTYtOGY4OC0zNDM2M2JjN2M0YzAiOnsiY3JlYXRlIjozMDAwMDAwMDAwMDAsImRlbGV0ZSI6MzAwMDAwMDAwMDAwLCJ1cGRhdGUiOjEyMDAwMDAwMDAwMH19",
          "dependencies": [
            "module.eks_example_eks-auto-mode.data.aws_availability_zones.available",
            "module.eks_example_eks-auto-mode.module.vpc.aws_vpc.this",
            "module.eks_example_eks-auto-mode.module.vpc.aws_vpc_ipv4_cidr_block_association.this"
          ]
        }
      ]
    },
    {
      "module": "module.eks_example_eks-auto-mode.module.vpc",
      "mode": "managed",
      "type": "aws_route_table",
      "name": "private",
      "provider": "module.eks_example_eks-auto-mode.provider[\"registry.terraform.io/hashicorp/aws\"]",
      "instances": [
        {
          "index_key": 0,
          "schema_version": 0,
          "attributes": {
            "arn": "arn:aws:ec2:us-west-2:805395122898:route-table/rtb-07b2add70e420e4c8",
            "id": "rtb-07b2add70e420e4c8",
            "owner_id": "805395122898",
            "propagating_vgws": [],
            "route": [
              {
                "carrier_gateway_id": "",
                "cidr_block": "0.0.0.0/0",
                "core_network_arn": "",
                "destination_prefix_list_id": "",
                "egress_only_gateway_id": "",
                "gateway_id": "",
                "ipv6_cidr_block": "",
                "local_gateway_id": "",
                "nat_gateway_id": "nat-036e8b389848c08bd",
                "network_interface_id": "",
                "transit_gateway_id": "",
                "vpc_endpoint_id": "",
                "vpc_peering_connection_id": ""
              }
            ],
            "tags": {
              "GithubOrg": "terraform-aws-modules",
              "GithubRepo": "terraform-aws-eks",
              "Name": "ex-github-cd-private",
              "Test": "ex-github-cd"
            },
            "tags_all": {
              "GithubOrg": "terraform-aws-modules",
              "GithubRepo": "terraform-aws-eks",
              "Name": "ex-github-cd-private",
              "Test": "ex-github-cd"
            },
            "timeouts": null,
            "vpc_id": "vpc-0ff711b4460bc99a2"
          },
          "sensitive_attributes": [],
          "private": "eyJlMmJmYjczMC1lY2FhLTExZTYtOGY4OC0zNDM2M2JjN2M0YzAiOnsiY3JlYXRlIjozMDAwMDAwMDAwMDAsImRlbGV0ZSI6MzAwMDAwMDAwMDAwLCJ1cGRhdGUiOjEyMDAwMDAwMDAwMH19",
          "dependencies": [
            "module.eks_example_eks-auto-mode.data.aws_availability_zones.available",
            "module.eks_example_eks-auto-mode.module.vpc.aws_vpc.this",
            "module.eks_example_eks-auto-mode.module.vpc.aws_vpc_ipv4_cidr_block_association.this"
          ]
        }
      ]
    },
    {
      "module": "module.eks_example_eks-auto-mode.module.vpc",
      "mode": "managed",
      "type": "aws_route_table",
      "name": "public",
      "provider": "module.eks_example_eks-auto-mode.provider[\"registry.terraform.io/hashicorp/aws\"]",
      "instances": [
        {
          "index_key": 0,
          "schema_version": 0,
          "attributes": {
            "arn": "arn:aws:ec2:us-west-2:805395122898:route-table/rtb-0ca10e8820ad04927",
            "id": "rtb-0ca10e8820ad04927",
            "owner_id": "805395122898",
            "propagating_vgws": [],
            "route": [
              {
                "carrier_gateway_id": "",
                "cidr_block": "0.0.0.0/0",
                "core_network_arn": "",
                "destination_prefix_list_id": "",
                "egress_only_gateway_id": "",
                "gateway_id": "igw-04c4fc0981122dcdd",
                "ipv6_cidr_block": "",
                "local_gateway_id": "",
                "nat_gateway_id": "",
                "network_interface_id": "",
                "transit_gateway_id": "",
                "vpc_endpoint_id": "",
                "vpc_peering_connection_id": ""
              }
            ],
            "tags": {
              "GithubOrg": "terraform-aws-modules",
              "GithubRepo": "terraform-aws-eks",
              "Name": "ex-github-cd-public",
              "Test": "ex-github-cd"
            },
            "tags_all": {
              "GithubOrg": "terraform-aws-modules",
              "GithubRepo": "terraform-aws-eks",
              "Name": "ex-github-cd-public",
              "Test": "ex-github-cd"
            },
            "timeouts": null,
            "vpc_id": "vpc-0ff711b4460bc99a2"
          },
          "sensitive_attributes": [],
          "private": "eyJlMmJmYjczMC1lY2FhLTExZTYtOGY4OC0zNDM2M2JjN2M0YzAiOnsiY3JlYXRlIjozMDAwMDAwMDAwMDAsImRlbGV0ZSI6MzAwMDAwMDAwMDAwLCJ1cGRhdGUiOjEyMDAwMDAwMDAwMH19",
          "dependencies": [
            "module.eks_example_eks-auto-mode.data.aws_availability_zones.available",
            "module.eks_example_eks-auto-mode.module.vpc.aws_vpc.this",
            "module.eks_example_eks-auto-mode.module.vpc.aws_vpc_ipv4_cidr_block_association.this"
          ]
        }
      ]
    },
    {
      "module": "module.eks_example_eks-auto-mode.module.vpc",
      "mode": "managed",
      "type": "aws_route_table_association",
      "name": "intra",
      "provider": "module.eks_example_eks-auto-mode.provider[\"registry.terraform.io/hashicorp/aws\"]",
      "instances": [
        {
          "index_key": 0,
          "schema_version": 0,
          "attributes": {
            "gateway_id": "",
            "id": "rtbassoc-0c0210ce9bfbd838f",
            "route_table_id": "rtb-0c652593e355ab7c2",
            "subnet_id": "subnet-00c2b9cb65865bffb",
            "timeouts": null
          },
          "sensitive_attributes": [],
          "private": "eyJlMmJmYjczMC1lY2FhLTExZTYtOGY4OC0zNDM2M2JjN2M0YzAiOnsiY3JlYXRlIjozMDAwMDAwMDAwMDAsImRlbGV0ZSI6MzAwMDAwMDAwMDAwLCJ1cGRhdGUiOjEyMDAwMDAwMDAwMH19",
          "dependencies": [
            "module.eks_example_eks-auto-mode.data.aws_availability_zones.available",
            "module.eks_example_eks-auto-mode.module.vpc.aws_route_table.intra",
            "module.eks_example_eks-auto-mode.module.vpc.aws_subnet.intra",
            "module.eks_example_eks-auto-mode.module.vpc.aws_vpc.this",
            "module.eks_example_eks-auto-mode.module.vpc.aws_vpc_ipv4_cidr_block_association.this"
          ]
        },
        {
          "index_key": 1,
          "schema_version": 0,
          "attributes": {
            "gateway_id": "",
            "id": "rtbassoc-0e8f60e3d8b5b75ce",
            "route_table_id": "rtb-0c652593e355ab7c2",
            "subnet_id": "subnet-05f3ddc1023220e59",
            "timeouts": null
          },
          "sensitive_attributes": [],
          "private": "eyJlMmJmYjczMC1lY2FhLTExZTYtOGY4OC0zNDM2M2JjN2M0YzAiOnsiY3JlYXRlIjozMDAwMDAwMDAwMDAsImRlbGV0ZSI6MzAwMDAwMDAwMDAwLCJ1cGRhdGUiOjEyMDAwMDAwMDAwMH19",
          "dependencies": [
            "module.eks_example_eks-auto-mode.data.aws_availability_zones.available",
            "module.eks_example_eks-auto-mode.module.vpc.aws_route_table.intra",
            "module.eks_example_eks-auto-mode.module.vpc.aws_subnet.intra",
            "module.eks_example_eks-auto-mode.module.vpc.aws_vpc.this",
            "module.eks_example_eks-auto-mode.module.vpc.aws_vpc_ipv4_cidr_block_association.this"
          ]
        },
        {
          "index_key": 2,
          "schema_version": 0,
          "attributes": {
            "gateway_id": "",
            "id": "rtbassoc-0142f2795cebf0b03",
            "route_table_id": "rtb-0c652593e355ab7c2",
            "subnet_id": "subnet-0e1e51f797c426124",
            "timeouts": null
          },
          "sensitive_attributes": [],
          "private": "eyJlMmJmYjczMC1lY2FhLTExZTYtOGY4OC0zNDM2M2JjN2M0YzAiOnsiY3JlYXRlIjozMDAwMDAwMDAwMDAsImRlbGV0ZSI6MzAwMDAwMDAwMDAwLCJ1cGRhdGUiOjEyMDAwMDAwMDAwMH19",
          "dependencies": [
            "module.eks_example_eks-auto-mode.data.aws_availability_zones.available",
            "module.eks_example_eks-auto-mode.module.vpc.aws_route_table.intra",
            "module.eks_example_eks-auto-mode.module.vpc.aws_subnet.intra",
            "module.eks_example_eks-auto-mode.module.vpc.aws_vpc.this",
            "module.eks_example_eks-auto-mode.module.vpc.aws_vpc_ipv4_cidr_block_association.this"
          ]
        }
      ]
    },
    {
      "module": "module.eks_example_eks-auto-mode.module.vpc",
      "mode": "managed",
      "type": "aws_route_table_association",
      "name": "private",
      "provider": "module.eks_example_eks-auto-mode.provider[\"registry.terraform.io/hashicorp/aws\"]",
      "instances": [
        {
          "index_key": 0,
          "schema_version": 0,
          "attributes": {
            "gateway_id": "",
            "id": "rtbassoc-0dbb209cf383aa18a",
            "route_table_id": "rtb-07b2add70e420e4c8",
            "subnet_id": "subnet-0e9f31c708ed92939",
            "timeouts": null
          },
          "sensitive_attributes": [],
          "private": "eyJlMmJmYjczMC1lY2FhLTExZTYtOGY4OC0zNDM2M2JjN2M0YzAiOnsiY3JlYXRlIjozMDAwMDAwMDAwMDAsImRlbGV0ZSI6MzAwMDAwMDAwMDAwLCJ1cGRhdGUiOjEyMDAwMDAwMDAwMH19",
          "dependencies": [
            "module.eks_example_eks-auto-mode.data.aws_availability_zones.available",
            "module.eks_example_eks-auto-mode.module.vpc.aws_route_table.private",
            "module.eks_example_eks-auto-mode.module.vpc.aws_subnet.private",
            "module.eks_example_eks-auto-mode.module.vpc.aws_vpc.this",
            "module.eks_example_eks-auto-mode.module.vpc.aws_vpc_ipv4_cidr_block_association.this"
          ]
        },
        {
          "index_key": 1,
          "schema_version": 0,
          "attributes": {
            "gateway_id": "",
            "id": "rtbassoc-0f6613decfd17c9c5",
            "route_table_id": "rtb-07b2add70e420e4c8",
            "subnet_id": "subnet-04c26257262275352",
            "timeouts": null
          },
          "sensitive_attributes": [],
          "private": "eyJlMmJmYjczMC1lY2FhLTExZTYtOGY4OC0zNDM2M2JjN2M0YzAiOnsiY3JlYXRlIjozMDAwMDAwMDAwMDAsImRlbGV0ZSI6MzAwMDAwMDAwMDAwLCJ1cGRhdGUiOjEyMDAwMDAwMDAwMH19",
          "dependencies": [
            "module.eks_example_eks-auto-mode.data.aws_availability_zones.available",
            "module.eks_example_eks-auto-mode.module.vpc.aws_route_table.private",
            "module.eks_example_eks-auto-mode.module.vpc.aws_subnet.private",
            "module.eks_example_eks-auto-mode.module.vpc.aws_vpc.this",
            "module.eks_example_eks-auto-mode.module.vpc.aws_vpc_ipv4_cidr_block_association.this"
          ]
        },
        {
          "index_key": 2,
          "schema_version": 0,
          "attributes": {
            "gateway_id": "",
            "id": "rtbassoc-08b1cba4f43978ffc",
            "route_table_id": "rtb-07b2add70e420e4c8",
            "subnet_id": "subnet-0c9dd93200c387a42",
            "timeouts": null
          },
          "sensitive_attributes": [],
          "private": "eyJlMmJmYjczMC1lY2FhLTExZTYtOGY4OC0zNDM2M2JjN2M0YzAiOnsiY3JlYXRlIjozMDAwMDAwMDAwMDAsImRlbGV0ZSI6MzAwMDAwMDAwMDAwLCJ1cGRhdGUiOjEyMDAwMDAwMDAwMH19",
          "dependencies": [
            "module.eks_example_eks-auto-mode.data.aws_availability_zones.available",
            "module.eks_example_eks-auto-mode.module.vpc.aws_route_table.private",
            "module.eks_example_eks-auto-mode.module.vpc.aws_subnet.private",
            "module.eks_example_eks-auto-mode.module.vpc.aws_vpc.this",
            "module.eks_example_eks-auto-mode.module.vpc.aws_vpc_ipv4_cidr_block_association.this"
          ]
        }
      ]
    },
    {
      "module": "module.eks_example_eks-auto-mode.module.vpc",
      "mode": "managed",
      "type": "aws_route_table_association",
      "name": "public",
      "provider": "module.eks_example_eks-auto-mode.provider[\"registry.terraform.io/hashicorp/aws\"]",
      "instances": [
        {
          "index_key": 0,
          "schema_version": 0,
          "attributes": {
            "gateway_id": "",
            "id": "rtbassoc-0e945d7a0d7a8042d",
            "route_table_id": "rtb-0ca10e8820ad04927",
            "subnet_id": "subnet-0b3323db2b81b007c",
            "timeouts": null
          },
          "sensitive_attributes": [],
          "private": "eyJlMmJmYjczMC1lY2FhLTExZTYtOGY4OC0zNDM2M2JjN2M0YzAiOnsiY3JlYXRlIjozMDAwMDAwMDAwMDAsImRlbGV0ZSI6MzAwMDAwMDAwMDAwLCJ1cGRhdGUiOjEyMDAwMDAwMDAwMH19",
          "dependencies": [
            "module.eks_example_eks-auto-mode.data.aws_availability_zones.available",
            "module.eks_example_eks-auto-mode.module.vpc.aws_route_table.public",
            "module.eks_example_eks-auto-mode.module.vpc.aws_subnet.public",
            "module.eks_example_eks-auto-mode.module.vpc.aws_vpc.this",
            "module.eks_example_eks-auto-mode.module.vpc.aws_vpc_ipv4_cidr_block_association.this"
          ]
        },
        {
          "index_key": 1,
          "schema_version": 0,
          "attributes": {
            "gateway_id": "",
            "id": "rtbassoc-024d1cd1eb182aaf6",
            "route_table_id": "rtb-0ca10e8820ad04927",
            "subnet_id": "subnet-0bfb64e7d12b3b1db",
            "timeouts": null
          },
          "sensitive_attributes": [],
          "private": "eyJlMmJmYjczMC1lY2FhLTExZTYtOGY4OC0zNDM2M2JjN2M0YzAiOnsiY3JlYXRlIjozMDAwMDAwMDAwMDAsImRlbGV0ZSI6MzAwMDAwMDAwMDAwLCJ1cGRhdGUiOjEyMDAwMDAwMDAwMH19",
          "dependencies": [
            "module.eks_example_eks-auto-mode.data.aws_availability_zones.available",
            "module.eks_example_eks-auto-mode.module.vpc.aws_route_table.public",
            "module.eks_example_eks-auto-mode.module.vpc.aws_subnet.public",
            "module.eks_example_eks-auto-mode.module.vpc.aws_vpc.this",
            "module.eks_example_eks-auto-mode.module.vpc.aws_vpc_ipv4_cidr_block_association.this"
          ]
        },
        {
          "index_key": 2,
          "schema_version": 0,
          "attributes": {
            "gateway_id": "",
            "id": "rtbassoc-0621c3f4037fe4c0a",
            "route_table_id": "rtb-0ca10e8820ad04927",
            "subnet_id": "subnet-05855a3b57845dbbd",
            "timeouts": null
          },
          "sensitive_attributes": [],
          "private": "eyJlMmJmYjczMC1lY2FhLTExZTYtOGY4OC0zNDM2M2JjN2M0YzAiOnsiY3JlYXRlIjozMDAwMDAwMDAwMDAsImRlbGV0ZSI6MzAwMDAwMDAwMDAwLCJ1cGRhdGUiOjEyMDAwMDAwMDAwMH19",
          "dependencies": [
            "module.eks_example_eks-auto-mode.data.aws_availability_zones.available",
            "module.eks_example_eks-auto-mode.module.vpc.aws_route_table.public",
            "module.eks_example_eks-auto-mode.module.vpc.aws_subnet.public",
            "module.eks_example_eks-auto-mode.module.vpc.aws_vpc.this",
            "module.eks_example_eks-auto-mode.module.vpc.aws_vpc_ipv4_cidr_block_association.this"
          ]
        }
      ]
    },
    {
      "module": "module.eks_example_eks-auto-mode.module.vpc",
      "mode": "managed",
      "type": "aws_subnet",
      "name": "intra",
      "provider": "module.eks_example_eks-auto-mode.provider[\"registry.terraform.io/hashicorp/aws\"]",
      "instances": [
        {
          "index_key": 0,
          "schema_version": 1,
          "attributes": {
            "arn": "arn:aws:ec2:us-west-2:805395122898:subnet/subnet-00c2b9cb65865bffb",
            "assign_ipv6_address_on_creation": false,
            "availability_zone": "us-west-2a",
            "availability_zone_id": "usw2-az1",
            "cidr_block": "10.0.52.0/24",
            "customer_owned_ipv4_pool": "",
            "enable_dns64": false,
            "enable_lni_at_device_index": 0,
            "enable_resource_name_dns_a_record_on_launch": false,
            "enable_resource_name_dns_aaaa_record_on_launch": false,
            "id": "subnet-00c2b9cb65865bffb",
            "ipv6_cidr_block": "",
            "ipv6_cidr_block_association_id": "",
            "ipv6_native": false,
            "map_customer_owned_ip_on_launch": false,
            "map_public_ip_on_launch": false,
            "outpost_arn": "",
            "owner_id": "805395122898",
            "private_dns_hostname_type_on_launch": "ip-name",
            "tags": {
              "GithubOrg": "terraform-aws-modules",
              "GithubRepo": "terraform-aws-eks",
              "Name": "ex-github-cd-intra-us-west-2a",
              "Test": "ex-github-cd"
            },
            "tags_all": {
              "GithubOrg": "terraform-aws-modules",
              "GithubRepo": "terraform-aws-eks",
              "Name": "ex-github-cd-intra-us-west-2a",
              "Test": "ex-github-cd"
            },
            "timeouts": null,
            "vpc_id": "vpc-0ff711b4460bc99a2"
          },
          "sensitive_attributes": [],
          "private": "eyJlMmJmYjczMC1lY2FhLTExZTYtOGY4OC0zNDM2M2JjN2M0YzAiOnsiY3JlYXRlIjo2MDAwMDAwMDAwMDAsImRlbGV0ZSI6MTIwMDAwMDAwMDAwMH0sInNjaGVtYV92ZXJzaW9uIjoiMSJ9",
          "dependencies": [
            "module.eks_example_eks-auto-mode.data.aws_availability_zones.available",
            "module.eks_example_eks-auto-mode.module.vpc.aws_vpc.this",
            "module.eks_example_eks-auto-mode.module.vpc.aws_vpc_ipv4_cidr_block_association.this"
          ]
        },
        {
          "index_key": 1,
          "schema_version": 1,
          "attributes": {
            "arn": "arn:aws:ec2:us-west-2:805395122898:subnet/subnet-05f3ddc1023220e59",
            "assign_ipv6_address_on_creation": false,
            "availability_zone": "us-west-2b",
            "availability_zone_id": "usw2-az2",
            "cidr_block": "10.0.53.0/24",
            "customer_owned_ipv4_pool": "",
            "enable_dns64": false,
            "enable_lni_at_device_index": 0,
            "enable_resource_name_dns_a_record_on_launch": false,
            "enable_resource_name_dns_aaaa_record_on_launch": false,
            "id": "subnet-05f3ddc1023220e59",
            "ipv6_cidr_block": "",
            "ipv6_cidr_block_association_id": "",
            "ipv6_native": false,
            "map_customer_owned_ip_on_launch": false,
            "map_public_ip_on_launch": false,
            "outpost_arn": "",
            "owner_id": "805395122898",
            "private_dns_hostname_type_on_launch": "ip-name",
            "tags": {
              "GithubOrg": "terraform-aws-modules",
              "GithubRepo": "terraform-aws-eks",
              "Name": "ex-github-cd-intra-us-west-2b",
              "Test": "ex-github-cd"
            },
            "tags_all": {
              "GithubOrg": "terraform-aws-modules",
              "GithubRepo": "terraform-aws-eks",
              "Name": "ex-github-cd-intra-us-west-2b",
              "Test": "ex-github-cd"
            },
            "timeouts": null,
            "vpc_id": "vpc-0ff711b4460bc99a2"
          },
          "sensitive_attributes": [],
          "private": "eyJlMmJmYjczMC1lY2FhLTExZTYtOGY4OC0zNDM2M2JjN2M0YzAiOnsiY3JlYXRlIjo2MDAwMDAwMDAwMDAsImRlbGV0ZSI6MTIwMDAwMDAwMDAwMH0sInNjaGVtYV92ZXJzaW9uIjoiMSJ9",
          "dependencies": [
            "module.eks_example_eks-auto-mode.data.aws_availability_zones.available",
            "module.eks_example_eks-auto-mode.module.vpc.aws_vpc.this",
            "module.eks_example_eks-auto-mode.module.vpc.aws_vpc_ipv4_cidr_block_association.this"
          ]
        },
        {
          "index_key": 2,
          "schema_version": 1,
          "attributes": {
            "arn": "arn:aws:ec2:us-west-2:805395122898:subnet/subnet-0e1e51f797c426124",
            "assign_ipv6_address_on_creation": false,
            "availability_zone": "us-west-2c",
            "availability_zone_id": "usw2-az3",
            "cidr_block": "10.0.54.0/24",
            "customer_owned_ipv4_pool": "",
            "enable_dns64": false,
            "enable_lni_at_device_index": 0,
            "enable_resource_name_dns_a_record_on_launch": false,
            "enable_resource_name_dns_aaaa_record_on_launch": false,
            "id": "subnet-0e1e51f797c426124",
            "ipv6_cidr_block": "",
            "ipv6_cidr_block_association_id": "",
            "ipv6_native": false,
            "map_customer_owned_ip_on_launch": false,
            "map_public_ip_on_launch": false,
            "outpost_arn": "",
            "owner_id": "805395122898",
            "private_dns_hostname_type_on_launch": "ip-name",
            "tags": {
              "GithubOrg": "terraform-aws-modules",
              "GithubRepo": "terraform-aws-eks",
              "Name": "ex-github-cd-intra-us-west-2c",
              "Test": "ex-github-cd"
            },
            "tags_all": {
              "GithubOrg": "terraform-aws-modules",
              "GithubRepo": "terraform-aws-eks",
              "Name": "ex-github-cd-intra-us-west-2c",
              "Test": "ex-github-cd"
            },
            "timeouts": null,
            "vpc_id": "vpc-0ff711b4460bc99a2"
          },
          "sensitive_attributes": [],
          "private": "eyJlMmJmYjczMC1lY2FhLTExZTYtOGY4OC0zNDM2M2JjN2M0YzAiOnsiY3JlYXRlIjo2MDAwMDAwMDAwMDAsImRlbGV0ZSI6MTIwMDAwMDAwMDAwMH0sInNjaGVtYV92ZXJzaW9uIjoiMSJ9",
          "dependencies": [
            "module.eks_example_eks-auto-mode.data.aws_availability_zones.available",
            "module.eks_example_eks-auto-mode.module.vpc.aws_vpc.this",
            "module.eks_example_eks-auto-mode.module.vpc.aws_vpc_ipv4_cidr_block_association.this"
          ]
        }
      ]
    },
    {
      "module": "module.eks_example_eks-auto-mode.module.vpc",
      "mode": "managed",
      "type": "aws_subnet",
      "name": "private",
      "provider": "module.eks_example_eks-auto-mode.provider[\"registry.terraform.io/hashicorp/aws\"]",
      "instances": [
        {
          "index_key": 0,
          "schema_version": 1,
          "attributes": {
            "arn": "arn:aws:ec2:us-west-2:805395122898:subnet/subnet-0e9f31c708ed92939",
            "assign_ipv6_address_on_creation": false,
            "availability_zone": "us-west-2a",
            "availability_zone_id": "usw2-az1",
            "cidr_block": "10.0.0.0/20",
            "customer_owned_ipv4_pool": "",
            "enable_dns64": false,
            "enable_lni_at_device_index": 0,
            "enable_resource_name_dns_a_record_on_launch": false,
            "enable_resource_name_dns_aaaa_record_on_launch": false,
            "id": "subnet-0e9f31c708ed92939",
            "ipv6_cidr_block": "",
            "ipv6_cidr_block_association_id": "",
            "ipv6_native": false,
            "map_customer_owned_ip_on_launch": false,
            "map_public_ip_on_launch": false,
            "outpost_arn": "",
            "owner_id": "805395122898",
            "private_dns_hostname_type_on_launch": "ip-name",
            "tags": {
              "GithubOrg": "terraform-aws-modules",
              "GithubRepo": "terraform-aws-eks",
              "Name": "ex-github-cd-private-us-west-2a",
              "Test": "ex-github-cd",
              "kubernetes.io/role/internal-elb": "1"
            },
            "tags_all": {
              "GithubOrg": "terraform-aws-modules",
              "GithubRepo": "terraform-aws-eks",
              "Name": "ex-github-cd-private-us-west-2a",
              "Test": "ex-github-cd",
              "kubernetes.io/role/internal-elb": "1"
            },
            "timeouts": null,
            "vpc_id": "vpc-0ff711b4460bc99a2"
          },
          "sensitive_attributes": [],
          "private": "eyJlMmJmYjczMC1lY2FhLTExZTYtOGY4OC0zNDM2M2JjN2M0YzAiOnsiY3JlYXRlIjo2MDAwMDAwMDAwMDAsImRlbGV0ZSI6MTIwMDAwMDAwMDAwMH0sInNjaGVtYV92ZXJzaW9uIjoiMSJ9",
          "dependencies": [
            "module.eks_example_eks-auto-mode.data.aws_availability_zones.available",
            "module.eks_example_eks-auto-mode.module.vpc.aws_vpc.this",
            "module.eks_example_eks-auto-mode.module.vpc.aws_vpc_ipv4_cidr_block_association.this"
          ],
          "create_before_destroy": true
        },
        {
          "index_key": 1,
          "schema_version": 1,
          "attributes": {
            "arn": "arn:aws:ec2:us-west-2:805395122898:subnet/subnet-04c26257262275352",
            "assign_ipv6_address_on_creation": false,
            "availability_zone": "us-west-2b",
            "availability_zone_id": "usw2-az2",
            "cidr_block": "10.0.16.0/20",
            "customer_owned_ipv4_pool": "",
            "enable_dns64": false,
            "enable_lni_at_device_index": 0,
            "enable_resource_name_dns_a_record_on_launch": false,
            "enable_resource_name_dns_aaaa_record_on_launch": false,
            "id": "subnet-04c26257262275352",
            "ipv6_cidr_block": "",
            "ipv6_cidr_block_association_id": "",
            "ipv6_native": false,
            "map_customer_owned_ip_on_launch": false,
            "map_public_ip_on_launch": false,
            "outpost_arn": "",
            "owner_id": "805395122898",
            "private_dns_hostname_type_on_launch": "ip-name",
            "tags": {
              "GithubOrg": "terraform-aws-modules",
              "GithubRepo": "terraform-aws-eks",
              "Name": "ex-github-cd-private-us-west-2b",
              "Test": "ex-github-cd",
              "kubernetes.io/role/internal-elb": "1"
            },
            "tags_all": {
              "GithubOrg": "terraform-aws-modules",
              "GithubRepo": "terraform-aws-eks",
              "Name": "ex-github-cd-private-us-west-2b",
              "Test": "ex-github-cd",
              "kubernetes.io/role/internal-elb": "1"
            },
            "timeouts": null,
            "vpc_id": "vpc-0ff711b4460bc99a2"
          },
          "sensitive_attributes": [],
          "private": "eyJlMmJmYjczMC1lY2FhLTExZTYtOGY4OC0zNDM2M2JjN2M0YzAiOnsiY3JlYXRlIjo2MDAwMDAwMDAwMDAsImRlbGV0ZSI6MTIwMDAwMDAwMDAwMH0sInNjaGVtYV92ZXJzaW9uIjoiMSJ9",
          "dependencies": [
            "module.eks_example_eks-auto-mode.data.aws_availability_zones.available",
            "module.eks_example_eks-auto-mode.module.vpc.aws_vpc.this",
            "module.eks_example_eks-auto-mode.module.vpc.aws_vpc_ipv4_cidr_block_association.this"
          ],
          "create_before_destroy": true
        },
        {
          "index_key": 2,
          "schema_version": 1,
          "attributes": {
            "arn": "arn:aws:ec2:us-west-2:805395122898:subnet/subnet-0c9dd93200c387a42",
            "assign_ipv6_address_on_creation": false,
            "availability_zone": "us-west-2c",
            "availability_zone_id": "usw2-az3",
            "cidr_block": "10.0.32.0/20",
            "customer_owned_ipv4_pool": "",
            "enable_dns64": false,
            "enable_lni_at_device_index": 0,
            "enable_resource_name_dns_a_record_on_launch": false,
            "enable_resource_name_dns_aaaa_record_on_launch": false,
            "id": "subnet-0c9dd93200c387a42",
            "ipv6_cidr_block": "",
            "ipv6_cidr_block_association_id": "",
            "ipv6_native": false,
            "map_customer_owned_ip_on_launch": false,
            "map_public_ip_on_launch": false,
            "outpost_arn": "",
            "owner_id": "805395122898",
            "private_dns_hostname_type_on_launch": "ip-name",
            "tags": {
              "GithubOrg": "terraform-aws-modules",
              "GithubRepo": "terraform-aws-eks",
              "Name": "ex-github-cd-private-us-west-2c",
              "Test": "ex-github-cd",
              "kubernetes.io/role/internal-elb": "1"
            },
            "tags_all": {
              "GithubOrg": "terraform-aws-modules",
              "GithubRepo": "terraform-aws-eks",
              "Name": "ex-github-cd-private-us-west-2c",
              "Test": "ex-github-cd",
              "kubernetes.io/role/internal-elb": "1"
            },
            "timeouts": null,
            "vpc_id": "vpc-0ff711b4460bc99a2"
          },
          "sensitive_attributes": [],
          "private": "eyJlMmJmYjczMC1lY2FhLTExZTYtOGY4OC0zNDM2M2JjN2M0YzAiOnsiY3JlYXRlIjo2MDAwMDAwMDAwMDAsImRlbGV0ZSI6MTIwMDAwMDAwMDAwMH0sInNjaGVtYV92ZXJzaW9uIjoiMSJ9",
          "dependencies": [
            "module.eks_example_eks-auto-mode.data.aws_availability_zones.available",
            "module.eks_example_eks-auto-mode.module.vpc.aws_vpc.this",
            "module.eks_example_eks-auto-mode.module.vpc.aws_vpc_ipv4_cidr_block_association.this"
          ],
          "create_before_destroy": true
        }
      ]
    },
    {
      "module": "module.eks_example_eks-auto-mode.module.vpc",
      "mode": "managed",
      "type": "aws_subnet",
      "name": "public",
      "provider": "module.eks_example_eks-auto-mode.provider[\"registry.terraform.io/hashicorp/aws\"]",
      "instances": [
        {
          "index_key": 0,
          "schema_version": 1,
          "attributes": {
            "arn": "arn:aws:ec2:us-west-2:805395122898:subnet/subnet-0b3323db2b81b007c",
            "assign_ipv6_address_on_creation": false,
            "availability_zone": "us-west-2a",
            "availability_zone_id": "usw2-az1",
            "cidr_block": "10.0.48.0/24",
            "customer_owned_ipv4_pool": "",
            "enable_dns64": false,
            "enable_lni_at_device_index": 0,
            "enable_resource_name_dns_a_record_on_launch": false,
            "enable_resource_name_dns_aaaa_record_on_launch": false,
            "id": "subnet-0b3323db2b81b007c",
            "ipv6_cidr_block": "",
            "ipv6_cidr_block_association_id": "",
            "ipv6_native": false,
            "map_customer_owned_ip_on_launch": false,
            "map_public_ip_on_launch": false,
            "outpost_arn": "",
            "owner_id": "805395122898",
            "private_dns_hostname_type_on_launch": "ip-name",
            "tags": {
              "GithubOrg": "terraform-aws-modules",
              "GithubRepo": "terraform-aws-eks",
              "Name": "ex-github-cd-public-us-west-2a",
              "Test": "ex-github-cd",
              "kubernetes.io/role/elb": "1"
            },
            "tags_all": {
              "GithubOrg": "terraform-aws-modules",
              "GithubRepo": "terraform-aws-eks",
              "Name": "ex-github-cd-public-us-west-2a",
              "Test": "ex-github-cd",
              "kubernetes.io/role/elb": "1"
            },
            "timeouts": null,
            "vpc_id": "vpc-0ff711b4460bc99a2"
          },
          "sensitive_attributes": [],
          "private": "eyJlMmJmYjczMC1lY2FhLTExZTYtOGY4OC0zNDM2M2JjN2M0YzAiOnsiY3JlYXRlIjo2MDAwMDAwMDAwMDAsImRlbGV0ZSI6MTIwMDAwMDAwMDAwMH0sInNjaGVtYV92ZXJzaW9uIjoiMSJ9",
          "dependencies": [
            "module.eks_example_eks-auto-mode.data.aws_availability_zones.available",
            "module.eks_example_eks-auto-mode.module.vpc.aws_vpc.this",
            "module.eks_example_eks-auto-mode.module.vpc.aws_vpc_ipv4_cidr_block_association.this"
          ]
        },
        {
          "index_key": 1,
          "schema_version": 1,
          "attributes": {
            "arn": "arn:aws:ec2:us-west-2:805395122898:subnet/subnet-0bfb64e7d12b3b1db",
            "assign_ipv6_address_on_creation": false,
            "availability_zone": "us-west-2b",
            "availability_zone_id": "usw2-az2",
            "cidr_block": "10.0.49.0/24",
            "customer_owned_ipv4_pool": "",
            "enable_dns64": false,
            "enable_lni_at_device_index": 0,
            "enable_resource_name_dns_a_record_on_launch": false,
            "enable_resource_name_dns_aaaa_record_on_launch": false,
            "id": "subnet-0bfb64e7d12b3b1db",
            "ipv6_cidr_block": "",
            "ipv6_cidr_block_association_id": "",
            "ipv6_native": false,
            "map_customer_owned_ip_on_launch": false,
            "map_public_ip_on_launch": false,
            "outpost_arn": "",
            "owner_id": "805395122898",
            "private_dns_hostname_type_on_launch": "ip-name",
            "tags": {
              "GithubOrg": "terraform-aws-modules",
              "GithubRepo": "terraform-aws-eks",
              "Name": "ex-github-cd-public-us-west-2b",
              "Test": "ex-github-cd",
              "kubernetes.io/role/elb": "1"
            },
            "tags_all": {
              "GithubOrg": "terraform-aws-modules",
              "GithubRepo": "terraform-aws-eks",
              "Name": "ex-github-cd-public-us-west-2b",
              "Test": "ex-github-cd",
              "kubernetes.io/role/elb": "1"
            },
            "timeouts": null,
            "vpc_id": "vpc-0ff711b4460bc99a2"
          },
          "sensitive_attributes": [],
          "private": "eyJlMmJmYjczMC1lY2FhLTExZTYtOGY4OC0zNDM2M2JjN2M0YzAiOnsiY3JlYXRlIjo2MDAwMDAwMDAwMDAsImRlbGV0ZSI6MTIwMDAwMDAwMDAwMH0sInNjaGVtYV92ZXJzaW9uIjoiMSJ9",
          "dependencies": [
            "module.eks_example_eks-auto-mode.data.aws_availability_zones.available",
            "module.eks_example_eks-auto-mode.module.vpc.aws_vpc.this",
            "module.eks_example_eks-auto-mode.module.vpc.aws_vpc_ipv4_cidr_block_association.this"
          ]
        },
        {
          "index_key": 2,
          "schema_version": 1,
          "attributes": {
            "arn": "arn:aws:ec2:us-west-2:805395122898:subnet/subnet-05855a3b57845dbbd",
            "assign_ipv6_address_on_creation": false,
            "availability_zone": "us-west-2c",
            "availability_zone_id": "usw2-az3",
            "cidr_block": "10.0.50.0/24",
            "customer_owned_ipv4_pool": "",
            "enable_dns64": false,
            "enable_lni_at_device_index": 0,
            "enable_resource_name_dns_a_record_on_launch": false,
            "enable_resource_name_dns_aaaa_record_on_launch": false,
            "id": "subnet-05855a3b57845dbbd",
            "ipv6_cidr_block": "",
            "ipv6_cidr_block_association_id": "",
            "ipv6_native": false,
            "map_customer_owned_ip_on_launch": false,
            "map_public_ip_on_launch": false,
            "outpost_arn": "",
            "owner_id": "805395122898",
            "private_dns_hostname_type_on_launch": "ip-name",
            "tags": {
              "GithubOrg": "terraform-aws-modules",
              "GithubRepo": "terraform-aws-eks",
              "Name": "ex-github-cd-public-us-west-2c",
              "Test": "ex-github-cd",
              "kubernetes.io/role/elb": "1"
            },
            "tags_all": {
              "GithubOrg": "terraform-aws-modules",
              "GithubRepo": "terraform-aws-eks",
              "Name": "ex-github-cd-public-us-west-2c",
              "Test": "ex-github-cd",
              "kubernetes.io/role/elb": "1"
            },
            "timeouts": null,
            "vpc_id": "vpc-0ff711b4460bc99a2"
          },
          "sensitive_attributes": [],
          "private": "eyJlMmJmYjczMC1lY2FhLTExZTYtOGY4OC0zNDM2M2JjN2M0YzAiOnsiY3JlYXRlIjo2MDAwMDAwMDAwMDAsImRlbGV0ZSI6MTIwMDAwMDAwMDAwMH0sInNjaGVtYV92ZXJzaW9uIjoiMSJ9",
          "dependencies": [
            "module.eks_example_eks-auto-mode.data.aws_availability_zones.available",
            "module.eks_example_eks-auto-mode.module.vpc.aws_vpc.this",
            "module.eks_example_eks-auto-mode.module.vpc.aws_vpc_ipv4_cidr_block_association.this"
          ]
        }
      ]
    },
    {
      "module": "module.eks_example_eks-auto-mode.module.vpc",
      "mode": "managed",
      "type": "aws_vpc",
      "name": "this",
      "provider": "module.eks_example_eks-auto-mode.provider[\"registry.terraform.io/hashicorp/aws\"]",
      "instances": [
        {
          "index_key": 0,
          "schema_version": 1,
          "attributes": {
            "arn": "arn:aws:ec2:us-west-2:805395122898:vpc/vpc-0ff711b4460bc99a2",
            "assign_generated_ipv6_cidr_block": false,
            "cidr_block": "10.0.0.0/16",
            "default_network_acl_id": "acl-039dd49efcab05eb3",
            "default_route_table_id": "rtb-0a8f763f2e6ff8b49",
            "default_security_group_id": "sg-0b5c5922d6ddd2801",
            "dhcp_options_id": "dopt-0a2dc1548f00f3f28",
            "enable_dns_hostnames": true,
            "enable_dns_support": true,
            "enable_network_address_usage_metrics": false,
            "id": "vpc-0ff711b4460bc99a2",
            "instance_tenancy": "default",
            "ipv4_ipam_pool_id": null,
            "ipv4_netmask_length": null,
            "ipv6_association_id": "",
            "ipv6_cidr_block": "",
            "ipv6_cidr_block_network_border_group": "",
            "ipv6_ipam_pool_id": "",
            "ipv6_netmask_length": 0,
            "main_route_table_id": "rtb-0a8f763f2e6ff8b49",
            "owner_id": "805395122898",
            "tags": {
              "GithubOrg": "terraform-aws-modules",
              "GithubRepo": "terraform-aws-eks",
              "Name": "ex-github-cd",
              "Test": "ex-github-cd"
            },
            "tags_all": {
              "GithubOrg": "terraform-aws-modules",
              "GithubRepo": "terraform-aws-eks",
              "Name": "ex-github-cd",
              "Test": "ex-github-cd"
            }
          },
          "sensitive_attributes": [],
          "private": "eyJzY2hlbWFfdmVyc2lvbiI6IjEifQ==",
          "create_before_destroy": true
        }
      ]
    }
  ],
  "check_results": null
}
